// !$*UTF8*$!
{
	archiveVersion = 1;
	classes = {
	};
	objectVersion = 46;
	objects = {

/* Begin PBXBuildFile section */
		1AC6FB1F180E996B004C840B /* libbox2d Mac.a in Frameworks */ = {isa = PBXBuildFile; fileRef = 1AC6FAFF180E9839004C840B /* libbox2d Mac.a */; };
		1AC6FB20180E996B004C840B /* libchipmunk Mac.a in Frameworks */ = {isa = PBXBuildFile; fileRef = 1AC6FAFD180E9839004C840B /* libchipmunk Mac.a */; };
		1AC6FB21180E996B004C840B /* libcocos2dx Mac.a in Frameworks */ = {isa = PBXBuildFile; fileRef = 1AC6FAF9180E9839004C840B /* libcocos2dx Mac.a */; };
		1AC6FB22180E996B004C840B /* libcocos2dx-extensions Mac.a in Frameworks */ = {isa = PBXBuildFile; fileRef = 1AC6FAFB180E9839004C840B /* libcocos2dx-extensions Mac.a */; };
		1AC6FB23180E996B004C840B /* libCocosDenshion Mac.a in Frameworks */ = {isa = PBXBuildFile; fileRef = 1AC6FB01180E9839004C840B /* libCocosDenshion Mac.a */; };
		1AC6FB2E180E99EB004C840B /* libbox2d iOS.a in Frameworks */ = {isa = PBXBuildFile; fileRef = 1AC6FB0D180E9839004C840B /* libbox2d iOS.a */; };
		1AC6FB2F180E99EB004C840B /* libchipmunk iOS.a in Frameworks */ = {isa = PBXBuildFile; fileRef = 1AC6FB0B180E9839004C840B /* libchipmunk iOS.a */; };
		1AC6FB30180E99EB004C840B /* libcocos2dx iOS.a in Frameworks */ = {isa = PBXBuildFile; fileRef = 1AC6FB07180E9839004C840B /* libcocos2dx iOS.a */; };
		1AC6FB31180E99EB004C840B /* libcocos2dx-extensions iOS.a in Frameworks */ = {isa = PBXBuildFile; fileRef = 1AC6FB09180E9839004C840B /* libcocos2dx-extensions iOS.a */; };
		1AC6FB32180E99EB004C840B /* libCocosDenshion iOS.a in Frameworks */ = {isa = PBXBuildFile; fileRef = 1AC6FB0F180E9839004C840B /* libCocosDenshion iOS.a */; };
		1AFAF8B716D35DE700DB1158 /* AppDelegate.cpp in Sources */ = {isa = PBXBuildFile; fileRef = 1AFAF8B316D35DE700DB1158 /* AppDelegate.cpp */; };
		1D60589F0D05DD5A006BFB54 /* Foundation.framework in Frameworks */ = {isa = PBXBuildFile; fileRef = 1D30AB110D05D00D00671497 /* Foundation.framework */; };
		1DF5F4E00D08C38300B7A737 /* UIKit.framework in Frameworks */ = {isa = PBXBuildFile; fileRef = 1DF5F4DF0D08C38300B7A737 /* UIKit.framework */; };
		288765A50DF7441C002DB57D /* CoreGraphics.framework in Frameworks */ = {isa = PBXBuildFile; fileRef = 288765A40DF7441C002DB57D /* CoreGraphics.framework */; };
		503AE0F817EB97AB00D1A890 /* Icon.icns in Resources */ = {isa = PBXBuildFile; fileRef = 503AE0F617EB97AB00D1A890 /* Icon.icns */; };
		503AE10017EB989F00D1A890 /* AppController.mm in Sources */ = {isa = PBXBuildFile; fileRef = 503AE0FB17EB989F00D1A890 /* AppController.mm */; };
		503AE10117EB989F00D1A890 /* main.m in Sources */ = {isa = PBXBuildFile; fileRef = 503AE0FC17EB989F00D1A890 /* main.m */; };
		503AE10217EB989F00D1A890 /* RootViewController.mm in Sources */ = {isa = PBXBuildFile; fileRef = 503AE0FF17EB989F00D1A890 /* RootViewController.mm */; };
		503AE10517EB98FF00D1A890 /* main.cpp in Sources */ = {isa = PBXBuildFile; fileRef = 503AE10317EB98FF00D1A890 /* main.cpp */; };
		503AE11217EB99EE00D1A890 /* libcurl.dylib in Frameworks */ = {isa = PBXBuildFile; fileRef = 503AE11117EB99EE00D1A890 /* libcurl.dylib */; };
		503AE11B17EB9C5A00D1A890 /* IOKit.framework in Frameworks */ = {isa = PBXBuildFile; fileRef = 503AE11A17EB9C5A00D1A890 /* IOKit.framework */; };
		5087E75717EB910900C73F5D /* AppDelegate.cpp in Sources */ = {isa = PBXBuildFile; fileRef = 1AFAF8B316D35DE700DB1158 /* AppDelegate.cpp */; };
		5087E76317EB910900C73F5D /* Foundation.framework in Frameworks */ = {isa = PBXBuildFile; fileRef = 1D30AB110D05D00D00671497 /* Foundation.framework */; };
		5087E76517EB910900C73F5D /* CoreGraphics.framework in Frameworks */ = {isa = PBXBuildFile; fileRef = 288765A40DF7441C002DB57D /* CoreGraphics.framework */; };
		5087E76717EB910900C73F5D /* libz.dylib in Frameworks */ = {isa = PBXBuildFile; fileRef = BF170DB412928DE900B8313A /* libz.dylib */; };
		5087E76817EB910900C73F5D /* QuartzCore.framework in Frameworks */ = {isa = PBXBuildFile; fileRef = BF1C47EA1293683800B63C5D /* QuartzCore.framework */; };
		5087E76917EB910900C73F5D /* OpenAL.framework in Frameworks */ = {isa = PBXBuildFile; fileRef = D44C620B132DFF330009C878 /* OpenAL.framework */; };
		5087E76A17EB910900C73F5D /* AVFoundation.framework in Frameworks */ = {isa = PBXBuildFile; fileRef = D44C620D132DFF430009C878 /* AVFoundation.framework */; };
		5087E76B17EB910900C73F5D /* AudioToolbox.framework in Frameworks */ = {isa = PBXBuildFile; fileRef = D44C620F132DFF4E0009C878 /* AudioToolbox.framework */; };
		5087E77D17EB970100C73F5D /* Default-568h@2x.png in Resources */ = {isa = PBXBuildFile; fileRef = 5087E77217EB970100C73F5D /* Default-568h@2x.png */; };
		5087E77E17EB970100C73F5D /* Default.png in Resources */ = {isa = PBXBuildFile; fileRef = 5087E77317EB970100C73F5D /* Default.png */; };
		5087E77F17EB970100C73F5D /* Default@2x.png in Resources */ = {isa = PBXBuildFile; fileRef = 5087E77417EB970100C73F5D /* Default@2x.png */; };
		5087E78017EB970100C73F5D /* Icon-114.png in Resources */ = {isa = PBXBuildFile; fileRef = 5087E77517EB970100C73F5D /* Icon-114.png */; };
		5087E78117EB970100C73F5D /* Icon-120.png in Resources */ = {isa = PBXBuildFile; fileRef = 5087E77617EB970100C73F5D /* Icon-120.png */; };
		5087E78217EB970100C73F5D /* Icon-144.png in Resources */ = {isa = PBXBuildFile; fileRef = 5087E77717EB970100C73F5D /* Icon-144.png */; };
		5087E78317EB970100C73F5D /* Icon-152.png in Resources */ = {isa = PBXBuildFile; fileRef = 5087E77817EB970100C73F5D /* Icon-152.png */; };
		5087E78417EB970100C73F5D /* Icon-57.png in Resources */ = {isa = PBXBuildFile; fileRef = 5087E77917EB970100C73F5D /* Icon-57.png */; };
		5087E78517EB970100C73F5D /* Icon-72.png in Resources */ = {isa = PBXBuildFile; fileRef = 5087E77A17EB970100C73F5D /* Icon-72.png */; };
		5087E78617EB970100C73F5D /* Icon-76.png in Resources */ = {isa = PBXBuildFile; fileRef = 5087E77B17EB970100C73F5D /* Icon-76.png */; };
		5087E78917EB974C00C73F5D /* AppKit.framework in Frameworks */ = {isa = PBXBuildFile; fileRef = 5087E78817EB974C00C73F5D /* AppKit.framework */; };
		5087E78B17EB975400C73F5D /* OpenGL.framework in Frameworks */ = {isa = PBXBuildFile; fileRef = 5087E78A17EB975400C73F5D /* OpenGL.framework */; };
		50EF629617ECD46A001EB2F8 /* Icon-40.png in Resources */ = {isa = PBXBuildFile; fileRef = 50EF629217ECD46A001EB2F8 /* Icon-40.png */; };
		50EF629717ECD46A001EB2F8 /* Icon-58.png in Resources */ = {isa = PBXBuildFile; fileRef = 50EF629317ECD46A001EB2F8 /* Icon-58.png */; };
		50EF629817ECD46A001EB2F8 /* Icon-80.png in Resources */ = {isa = PBXBuildFile; fileRef = 50EF629417ECD46A001EB2F8 /* Icon-80.png */; };
		50EF629917ECD46A001EB2F8 /* Icon-100.png in Resources */ = {isa = PBXBuildFile; fileRef = 50EF629517ECD46A001EB2F8 /* Icon-100.png */; };
		50EF62A217ECD613001EB2F8 /* Icon-29.png in Resources */ = {isa = PBXBuildFile; fileRef = 50EF62A017ECD613001EB2F8 /* Icon-29.png */; };
		50EF62A317ECD613001EB2F8 /* Icon-50.png in Resources */ = {isa = PBXBuildFile; fileRef = 50EF62A117ECD613001EB2F8 /* Icon-50.png */; };
		9F0D06631A63EF490044089E /* item_a_1.png in Resources */ = {isa = PBXBuildFile; fileRef = 9F0D065A1A63EF490044089E /* item_a_1.png */; };
		9F0D06641A63EF490044089E /* item_a_1.png in Resources */ = {isa = PBXBuildFile; fileRef = 9F0D065A1A63EF490044089E /* item_a_1.png */; };
		9F0D06651A63EF490044089E /* item_a_2.png in Resources */ = {isa = PBXBuildFile; fileRef = 9F0D065B1A63EF490044089E /* item_a_2.png */; };
		9F0D06661A63EF490044089E /* item_a_2.png in Resources */ = {isa = PBXBuildFile; fileRef = 9F0D065B1A63EF490044089E /* item_a_2.png */; };
		9F0D06671A63EF490044089E /* item_a_3.png in Resources */ = {isa = PBXBuildFile; fileRef = 9F0D065C1A63EF490044089E /* item_a_3.png */; };
		9F0D06681A63EF490044089E /* item_a_3.png in Resources */ = {isa = PBXBuildFile; fileRef = 9F0D065C1A63EF490044089E /* item_a_3.png */; };
		9F0D06691A63EF490044089E /* item_b_1.png in Resources */ = {isa = PBXBuildFile; fileRef = 9F0D065D1A63EF490044089E /* item_b_1.png */; };
		9F0D066A1A63EF490044089E /* item_b_1.png in Resources */ = {isa = PBXBuildFile; fileRef = 9F0D065D1A63EF490044089E /* item_b_1.png */; };
		9F0D066B1A63EF490044089E /* item_b_2.png in Resources */ = {isa = PBXBuildFile; fileRef = 9F0D065E1A63EF490044089E /* item_b_2.png */; };
		9F0D066C1A63EF490044089E /* item_b_2.png in Resources */ = {isa = PBXBuildFile; fileRef = 9F0D065E1A63EF490044089E /* item_b_2.png */; };
		9F0D066D1A63EF490044089E /* item_b_3.png in Resources */ = {isa = PBXBuildFile; fileRef = 9F0D065F1A63EF490044089E /* item_b_3.png */; };
		9F0D066E1A63EF490044089E /* item_b_3.png in Resources */ = {isa = PBXBuildFile; fileRef = 9F0D065F1A63EF490044089E /* item_b_3.png */; };
		9F0D066F1A63EF490044089E /* item_c_1.png in Resources */ = {isa = PBXBuildFile; fileRef = 9F0D06601A63EF490044089E /* item_c_1.png */; };
		9F0D06701A63EF490044089E /* item_c_1.png in Resources */ = {isa = PBXBuildFile; fileRef = 9F0D06601A63EF490044089E /* item_c_1.png */; };
		9F0D06711A63EF490044089E /* item_c_2.png in Resources */ = {isa = PBXBuildFile; fileRef = 9F0D06611A63EF490044089E /* item_c_2.png */; };
		9F0D06721A63EF490044089E /* item_c_2.png in Resources */ = {isa = PBXBuildFile; fileRef = 9F0D06611A63EF490044089E /* item_c_2.png */; };
		9F0D06731A63EF490044089E /* item_c_3.png in Resources */ = {isa = PBXBuildFile; fileRef = 9F0D06621A63EF490044089E /* item_c_3.png */; };
		9F0D06741A63EF490044089E /* item_c_3.png in Resources */ = {isa = PBXBuildFile; fileRef = 9F0D06621A63EF490044089E /* item_c_3.png */; };
		9F0D06771A63EF900044089E /* GameViewScene.cpp in Sources */ = {isa = PBXBuildFile; fileRef = 9F0D06751A63EF900044089E /* GameViewScene.cpp */; };
		9F0D06781A63EF900044089E /* GameViewScene.cpp in Sources */ = {isa = PBXBuildFile; fileRef = 9F0D06751A63EF900044089E /* GameViewScene.cpp */; };
		9F0D067B1A63EFA60044089E /* TransitionUtil.cpp in Sources */ = {isa = PBXBuildFile; fileRef = 9F0D06791A63EFA60044089E /* TransitionUtil.cpp */; };
		9F0D067C1A63EFA60044089E /* TransitionUtil.cpp in Sources */ = {isa = PBXBuildFile; fileRef = 9F0D06791A63EFA60044089E /* TransitionUtil.cpp */; };
		9F192C561AA9D587001AE79C /* game-bg.jpg in Resources */ = {isa = PBXBuildFile; fileRef = 9F192C551AA9D587001AE79C /* game-bg.jpg */; };
		9F192C571AA9D587001AE79C /* game-bg.jpg in Resources */ = {isa = PBXBuildFile; fileRef = 9F192C551AA9D587001AE79C /* game-bg.jpg */; };
		9F192C5D1AA9EE02001AE79C /* PropMenuItemSprite.cpp in Sources */ = {isa = PBXBuildFile; fileRef = 9F192C5B1AA9EE02001AE79C /* PropMenuItemSprite.cpp */; };
		9F192C5E1AA9EE02001AE79C /* PropMenuItemSprite.cpp in Sources */ = {isa = PBXBuildFile; fileRef = 9F192C5B1AA9EE02001AE79C /* PropMenuItemSprite.cpp */; };
		9F1E937E1AAF3DE40033E58A /* checkpoint-1.json in Resources */ = {isa = PBXBuildFile; fileRef = 9F1E937D1AAF3DE40033E58A /* checkpoint-1.json */; };
		9F1E93811AAF3E180033E58A /* Checkpoint.cpp in Sources */ = {isa = PBXBuildFile; fileRef = 9F1E937F1AAF3E180033E58A /* Checkpoint.cpp */; };
		9F2974CA1AB1D3AA00B0DB6D /* Util.cpp in Sources */ = {isa = PBXBuildFile; fileRef = 9F2974C81AB1D3AA00B0DB6D /* Util.cpp */; };
		9F2974CF1AB1D79600B0DB6D /* checkpoint1.plist in Resources */ = {isa = PBXBuildFile; fileRef = 9F2974CB1AB1D79600B0DB6D /* checkpoint1.plist */; };
		9F2974D01AB1D79600B0DB6D /* checkpoint1.pvr.ccz in Resources */ = {isa = PBXBuildFile; fileRef = 9F2974CC1AB1D79600B0DB6D /* checkpoint1.pvr.ccz */; };
		9F2974D11AB1D79600B0DB6D /* game.plist in Resources */ = {isa = PBXBuildFile; fileRef = 9F2974CD1AB1D79600B0DB6D /* game.plist */; };
		9F2974D21AB1D79600B0DB6D /* game.pvr.ccz in Resources */ = {isa = PBXBuildFile; fileRef = 9F2974CE1AB1D79600B0DB6D /* game.pvr.ccz */; };
		9F2974D71AB1DAB100B0DB6D /* checkpoint1-earth-1.png in Resources */ = {isa = PBXBuildFile; fileRef = 9F2974D31AB1DAB100B0DB6D /* checkpoint1-earth-1.png */; };
		9F2974D81AB1DAB100B0DB6D /* checkpoint1-earth-2.png in Resources */ = {isa = PBXBuildFile; fileRef = 9F2974D41AB1DAB100B0DB6D /* checkpoint1-earth-2.png */; };
		9F2974D91AB1DAB100B0DB6D /* checkpoint1-earth-3.png in Resources */ = {isa = PBXBuildFile; fileRef = 9F2974D51AB1DAB100B0DB6D /* checkpoint1-earth-3.png */; };
		9F2974DA1AB1DAB100B0DB6D /* checkpoint1-earth-4.png in Resources */ = {isa = PBXBuildFile; fileRef = 9F2974D61AB1DAB100B0DB6D /* checkpoint1-earth-4.png */; };
		9F3EA6771A6539AC00F5996E /* AirShipRopeSprite.cpp in Sources */ = {isa = PBXBuildFile; fileRef = 9F3EA6731A6539AC00F5996E /* AirShipRopeSprite.cpp */; };
		9F3EA6781A6539AC00F5996E /* AirShipSprite.cpp in Sources */ = {isa = PBXBuildFile; fileRef = 9F3EA6751A6539AC00F5996E /* AirShipSprite.cpp */; };
		9F3EA67D1A6539B500F5996E /* Vec2Util.cpp in Sources */ = {isa = PBXBuildFile; fileRef = 9F3EA67B1A6539B500F5996E /* Vec2Util.cpp */; };
		9F3EA67F1A6539BE00F5996E /* airship_game.png in Resources */ = {isa = PBXBuildFile; fileRef = 9F3EA67E1A6539BE00F5996E /* airship_game.png */; };
		9F3EA6821A6539CA00F5996E /* line.png in Resources */ = {isa = PBXBuildFile; fileRef = 9F3EA6801A6539CA00F5996E /* line.png */; };
		9F3EA6831A6539CA00F5996E /* target_point.png in Resources */ = {isa = PBXBuildFile; fileRef = 9F3EA6811A6539CA00F5996E /* target_point.png */; };
		9F44434E1A87A83300AEFE94 /* track_arc.png in Resources */ = {isa = PBXBuildFile; fileRef = 9F44434D1A87A83300AEFE94 /* track_arc.png */; };
		9F44434F1A87A83300AEFE94 /* track_arc.png in Resources */ = {isa = PBXBuildFile; fileRef = 9F44434D1A87A83300AEFE94 /* track_arc.png */; };
		9F4443531A87A84A00AEFE94 /* track_point.png in Resources */ = {isa = PBXBuildFile; fileRef = 9F4443521A87A84A00AEFE94 /* track_point.png */; };
		9F4443541A87A84A00AEFE94 /* track_point.png in Resources */ = {isa = PBXBuildFile; fileRef = 9F4443521A87A84A00AEFE94 /* track_point.png */; };
		9F472EB11A6944580054B114 /* MagnetiteSprite.cpp in Sources */ = {isa = PBXBuildFile; fileRef = 9F472EB01A6944580054B114 /* MagnetiteSprite.cpp */; };
		9F472EB21A6944580054B114 /* MagnetiteSprite.cpp in Sources */ = {isa = PBXBuildFile; fileRef = 9F472EB01A6944580054B114 /* MagnetiteSprite.cpp */; };
		9F498C541A67E351006E2A0D /* OreSprite.cpp in Sources */ = {isa = PBXBuildFile; fileRef = 9F498C521A67E351006E2A0D /* OreSprite.cpp */; };
		9F498C551A67E351006E2A0D /* OreSprite.cpp in Sources */ = {isa = PBXBuildFile; fileRef = 9F498C521A67E351006E2A0D /* OreSprite.cpp */; };
		9F4A8BF11AB5B12100EFFBB2 /* AirShipEyeSprite.cpp in Sources */ = {isa = PBXBuildFile; fileRef = 9F4A8BEF1AB5B12100EFFBB2 /* AirShipEyeSprite.cpp */; };
		9F4A8BF21AB5B12100EFFBB2 /* AirShipEyeSprite.cpp in Sources */ = {isa = PBXBuildFile; fileRef = 9F4A8BEF1AB5B12100EFFBB2 /* AirShipEyeSprite.cpp */; };
		9F56025E1A74DFB700A50D5F /* LightLineRender.cpp in Sources */ = {isa = PBXBuildFile; fileRef = 9F56025A1A74DFB700A50D5F /* LightLineRender.cpp */; };
		9F56025F1A74DFB700A50D5F /* LightLineRender.cpp in Sources */ = {isa = PBXBuildFile; fileRef = 9F56025A1A74DFB700A50D5F /* LightLineRender.cpp */; };
		9F5602601A74DFB700A50D5F /* Noise.cpp in Sources */ = {isa = PBXBuildFile; fileRef = 9F56025C1A74DFB700A50D5F /* Noise.cpp */; };
		9F5602611A74DFB700A50D5F /* Noise.cpp in Sources */ = {isa = PBXBuildFile; fileRef = 9F56025C1A74DFB700A50D5F /* Noise.cpp */; };
		9F5602671A74DFC600A50D5F /* lighting.png in Resources */ = {isa = PBXBuildFile; fileRef = 9F5602641A74DFC600A50D5F /* lighting.png */; };
		9F5602681A74DFC600A50D5F /* lighting.png in Resources */ = {isa = PBXBuildFile; fileRef = 9F5602641A74DFC600A50D5F /* lighting.png */; };
		9F5602691A74DFC600A50D5F /* LightLineRender.fsh in Resources */ = {isa = PBXBuildFile; fileRef = 9F5602651A74DFC600A50D5F /* LightLineRender.fsh */; };
		9F56026A1A74DFC600A50D5F /* LightLineRender.fsh in Resources */ = {isa = PBXBuildFile; fileRef = 9F5602651A74DFC600A50D5F /* LightLineRender.fsh */; };
		9F56026B1A74DFC600A50D5F /* LightLineRender.vsh in Resources */ = {isa = PBXBuildFile; fileRef = 9F5602661A74DFC600A50D5F /* LightLineRender.vsh */; };
		9F56026C1A74DFC600A50D5F /* LightLineRender.vsh in Resources */ = {isa = PBXBuildFile; fileRef = 9F5602661A74DFC600A50D5F /* LightLineRender.vsh */; };
		9F56026F1A74DFE200A50D5F /* VertexVector.cpp in Sources */ = {isa = PBXBuildFile; fileRef = 9F56026D1A74DFE200A50D5F /* VertexVector.cpp */; };
		9F5602701A74DFE200A50D5F /* VertexVector.cpp in Sources */ = {isa = PBXBuildFile; fileRef = 9F56026D1A74DFE200A50D5F /* VertexVector.cpp */; };
		9F567A3D1A866BC9005CEC71 /* EarthLayer.cpp in Sources */ = {isa = PBXBuildFile; fileRef = 9F567A391A866BC9005CEC71 /* EarthLayer.cpp */; };
		9F567A3E1A866BC9005CEC71 /* EarthLayer.cpp in Sources */ = {isa = PBXBuildFile; fileRef = 9F567A391A866BC9005CEC71 /* EarthLayer.cpp */; };
		9F582E701AAB44CF00FB2F7A /* aes.cpp in Sources */ = {isa = PBXBuildFile; fileRef = 9F582E6A1AAB44CF00FB2F7A /* aes.cpp */; };
		9F582E711AAB44CF00FB2F7A /* aes.cpp in Sources */ = {isa = PBXBuildFile; fileRef = 9F582E6A1AAB44CF00FB2F7A /* aes.cpp */; };
		9F582E721AAB44CF00FB2F7A /* DataUtil.cpp in Sources */ = {isa = PBXBuildFile; fileRef = 9F582E6C1AAB44CF00FB2F7A /* DataUtil.cpp */; };
		9F582E731AAB44CF00FB2F7A /* DataUtil.cpp in Sources */ = {isa = PBXBuildFile; fileRef = 9F582E6C1AAB44CF00FB2F7A /* DataUtil.cpp */; };
		9F582E741AAB44CF00FB2F7A /* EncyptUtil.cpp in Sources */ = {isa = PBXBuildFile; fileRef = 9F582E6E1AAB44CF00FB2F7A /* EncyptUtil.cpp */; };
		9F582E751AAB44CF00FB2F7A /* EncyptUtil.cpp in Sources */ = {isa = PBXBuildFile; fileRef = 9F582E6E1AAB44CF00FB2F7A /* EncyptUtil.cpp */; };
		9F762A961AB40EA200695FE7 /* OrePitSprite.cpp in Sources */ = {isa = PBXBuildFile; fileRef = 9F762A941AB40EA200695FE7 /* OrePitSprite.cpp */; };
		9F762A9F1AB42D2800695FE7 /* AnimationUtil.cpp in Sources */ = {isa = PBXBuildFile; fileRef = 9F762A9D1AB42D2800695FE7 /* AnimationUtil.cpp */; };
		9F762AA01AB42D2800695FE7 /* AnimationUtil.cpp in Sources */ = {isa = PBXBuildFile; fileRef = 9F762A9D1AB42D2800695FE7 /* AnimationUtil.cpp */; };
		9F8825D51A61373A000067F1 /* airship.png in Resources */ = {isa = PBXBuildFile; fileRef = 9F8825CD1A61373A000067F1 /* airship.png */; };
		9F8825D61A61373A000067F1 /* airship.png in Resources */ = {isa = PBXBuildFile; fileRef = 9F8825CD1A61373A000067F1 /* airship.png */; };
		9F8825D71A61373A000067F1 /* main_bg.jpg in Resources */ = {isa = PBXBuildFile; fileRef = 9F8825CE1A61373A000067F1 /* main_bg.jpg */; };
		9F8825D81A61373A000067F1 /* main_bg.jpg in Resources */ = {isa = PBXBuildFile; fileRef = 9F8825CE1A61373A000067F1 /* main_bg.jpg */; };
		9F8825D91A61373A000067F1 /* shareBtn_selected.png in Resources */ = {isa = PBXBuildFile; fileRef = 9F8825CF1A61373A000067F1 /* shareBtn_selected.png */; };
		9F8825DA1A61373A000067F1 /* shareBtn_selected.png in Resources */ = {isa = PBXBuildFile; fileRef = 9F8825CF1A61373A000067F1 /* shareBtn_selected.png */; };
		9F8825DB1A61373A000067F1 /* shareBtn.png in Resources */ = {isa = PBXBuildFile; fileRef = 9F8825D01A61373A000067F1 /* shareBtn.png */; };
		9F8825DC1A61373A000067F1 /* shareBtn.png in Resources */ = {isa = PBXBuildFile; fileRef = 9F8825D01A61373A000067F1 /* shareBtn.png */; };
		9F8825DD1A61373A000067F1 /* shopBtn_selected.png in Resources */ = {isa = PBXBuildFile; fileRef = 9F8825D11A61373A000067F1 /* shopBtn_selected.png */; };
		9F8825DE1A61373A000067F1 /* shopBtn_selected.png in Resources */ = {isa = PBXBuildFile; fileRef = 9F8825D11A61373A000067F1 /* shopBtn_selected.png */; };
		9F8825DF1A61373A000067F1 /* shopBtn.png in Resources */ = {isa = PBXBuildFile; fileRef = 9F8825D21A61373A000067F1 /* shopBtn.png */; };
		9F8825E01A61373A000067F1 /* shopBtn.png in Resources */ = {isa = PBXBuildFile; fileRef = 9F8825D21A61373A000067F1 /* shopBtn.png */; };
		9F8825E11A61373A000067F1 /* startBtn_selected.png in Resources */ = {isa = PBXBuildFile; fileRef = 9F8825D31A61373A000067F1 /* startBtn_selected.png */; };
		9F8825E21A61373A000067F1 /* startBtn_selected.png in Resources */ = {isa = PBXBuildFile; fileRef = 9F8825D31A61373A000067F1 /* startBtn_selected.png */; };
		9F8825E31A61373A000067F1 /* startBtn.png in Resources */ = {isa = PBXBuildFile; fileRef = 9F8825D41A61373A000067F1 /* startBtn.png */; };
		9F8825E41A61373A000067F1 /* startBtn.png in Resources */ = {isa = PBXBuildFile; fileRef = 9F8825D41A61373A000067F1 /* startBtn.png */; };
		9F8825E81A6138AF000067F1 /* MainViewScene.cpp in Sources */ = {isa = PBXBuildFile; fileRef = 9F8825E61A6138AF000067F1 /* MainViewScene.cpp */; };
		9F8825E91A6138AF000067F1 /* MainViewScene.cpp in Sources */ = {isa = PBXBuildFile; fileRef = 9F8825E61A6138AF000067F1 /* MainViewScene.cpp */; };
		9FB429ED1A88E28C002DA991 /* EllipseBy.cpp in Sources */ = {isa = PBXBuildFile; fileRef = 9FB429EB1A88E28C002DA991 /* EllipseBy.cpp */; };
		9FB429EE1A88E28C002DA991 /* EllipseBy.cpp in Sources */ = {isa = PBXBuildFile; fileRef = 9FB429EB1A88E28C002DA991 /* EllipseBy.cpp */; };
		9FC031C01A6BEC8E0084DF07 /* Vec2Util.cpp in Sources */ = {isa = PBXBuildFile; fileRef = 9F3EA67B1A6539B500F5996E /* Vec2Util.cpp */; };
		9FC031C31A6BEC960084DF07 /* AirShipRopeSprite.cpp in Sources */ = {isa = PBXBuildFile; fileRef = 9F3EA6731A6539AC00F5996E /* AirShipRopeSprite.cpp */; };
		9FC031C41A6BEC990084DF07 /* AirShipSprite.cpp in Sources */ = {isa = PBXBuildFile; fileRef = 9F3EA6751A6539AC00F5996E /* AirShipSprite.cpp */; };
		BF171245129291EC00B8313A /* OpenGLES.framework in Frameworks */ = {isa = PBXBuildFile; fileRef = BF170DB012928DE900B8313A /* OpenGLES.framework */; };
		BF1712471292920000B8313A /* libz.dylib in Frameworks */ = {isa = PBXBuildFile; fileRef = BF170DB412928DE900B8313A /* libz.dylib */; };
		BF1C47F01293687400B63C5D /* QuartzCore.framework in Frameworks */ = {isa = PBXBuildFile; fileRef = BF1C47EA1293683800B63C5D /* QuartzCore.framework */; };
		D44C620C132DFF330009C878 /* OpenAL.framework in Frameworks */ = {isa = PBXBuildFile; fileRef = D44C620B132DFF330009C878 /* OpenAL.framework */; };
		D44C620E132DFF430009C878 /* AVFoundation.framework in Frameworks */ = {isa = PBXBuildFile; fileRef = D44C620D132DFF430009C878 /* AVFoundation.framework */; };
		D44C6210132DFF4E0009C878 /* AudioToolbox.framework in Frameworks */ = {isa = PBXBuildFile; fileRef = D44C620F132DFF4E0009C878 /* AudioToolbox.framework */; };
		D6B0611B1803AB670077942B /* CoreMotion.framework in Frameworks */ = {isa = PBXBuildFile; fileRef = D6B0611A1803AB670077942B /* CoreMotion.framework */; };
/* End PBXBuildFile section */

/* Begin PBXContainerItemProxy section */
		1AC6FAF8180E9839004C840B /* PBXContainerItemProxy */ = {
			isa = PBXContainerItemProxy;
			containerPortal = 1AC6FAE5180E9839004C840B /* cocos2d_libs.xcodeproj */;
			proxyType = 2;
			remoteGlobalIDString = 1551A33F158F2AB200E66CFE;
			remoteInfo = "cocos2dx Mac";
		};
		1AC6FAFA180E9839004C840B /* PBXContainerItemProxy */ = {
			isa = PBXContainerItemProxy;
			containerPortal = 1AC6FAE5180E9839004C840B /* cocos2d_libs.xcodeproj */;
			proxyType = 2;
			remoteGlobalIDString = A03F2FD617814595006731B9;
			remoteInfo = "cocos2dx-extensions Mac";
		};
		1AC6FAFC180E9839004C840B /* PBXContainerItemProxy */ = {
			isa = PBXContainerItemProxy;
			containerPortal = 1AC6FAE5180E9839004C840B /* cocos2d_libs.xcodeproj */;
			proxyType = 2;
			remoteGlobalIDString = A03F2CB81780BD04006731B9;
			remoteInfo = "chipmunk Mac";
		};
		1AC6FAFE180E9839004C840B /* PBXContainerItemProxy */ = {
			isa = PBXContainerItemProxy;
			containerPortal = 1AC6FAE5180E9839004C840B /* cocos2d_libs.xcodeproj */;
			proxyType = 2;
			remoteGlobalIDString = A03F2D9B1780BDF7006731B9;
			remoteInfo = "box2d Mac";
		};
		1AC6FB00180E9839004C840B /* PBXContainerItemProxy */ = {
			isa = PBXContainerItemProxy;
			containerPortal = 1AC6FAE5180E9839004C840B /* cocos2d_libs.xcodeproj */;
			proxyType = 2;
			remoteGlobalIDString = A03F2ED617814268006731B9;
			remoteInfo = "CocosDenshion Mac";
		};
		1AC6FB06180E9839004C840B /* PBXContainerItemProxy */ = {
			isa = PBXContainerItemProxy;
			containerPortal = 1AC6FAE5180E9839004C840B /* cocos2d_libs.xcodeproj */;
			proxyType = 2;
			remoteGlobalIDString = A07A4D641783777C0073F6A7;
			remoteInfo = "cocos2dx iOS";
		};
		1AC6FB08180E9839004C840B /* PBXContainerItemProxy */ = {
			isa = PBXContainerItemProxy;
			containerPortal = 1AC6FAE5180E9839004C840B /* cocos2d_libs.xcodeproj */;
			proxyType = 2;
			remoteGlobalIDString = A07A4EFC1783867C0073F6A7;
			remoteInfo = "cocos2dx-extensions iOS";
		};
		1AC6FB0A180E9839004C840B /* PBXContainerItemProxy */ = {
			isa = PBXContainerItemProxy;
			containerPortal = 1AC6FAE5180E9839004C840B /* cocos2d_libs.xcodeproj */;
			proxyType = 2;
			remoteGlobalIDString = A07A4F3B178387670073F6A7;
			remoteInfo = "chipmunk iOS";
		};
		1AC6FB0C180E9839004C840B /* PBXContainerItemProxy */ = {
			isa = PBXContainerItemProxy;
			containerPortal = 1AC6FAE5180E9839004C840B /* cocos2d_libs.xcodeproj */;
			proxyType = 2;
			remoteGlobalIDString = A07A4F9E1783876B0073F6A7;
			remoteInfo = "box2d iOS";
		};
		1AC6FB0E180E9839004C840B /* PBXContainerItemProxy */ = {
			isa = PBXContainerItemProxy;
			containerPortal = 1AC6FAE5180E9839004C840B /* cocos2d_libs.xcodeproj */;
			proxyType = 2;
			remoteGlobalIDString = A07A4FB4178387730073F6A7;
			remoteInfo = "CocosDenshion iOS";
		};
		1AC6FB15180E9959004C840B /* PBXContainerItemProxy */ = {
			isa = PBXContainerItemProxy;
			containerPortal = 1AC6FAE5180E9839004C840B /* cocos2d_libs.xcodeproj */;
			proxyType = 1;
			remoteGlobalIDString = 1551A33E158F2AB200E66CFE;
			remoteInfo = "cocos2dx Mac";
		};
		1AC6FB17180E9959004C840B /* PBXContainerItemProxy */ = {
			isa = PBXContainerItemProxy;
			containerPortal = 1AC6FAE5180E9839004C840B /* cocos2d_libs.xcodeproj */;
			proxyType = 1;
			remoteGlobalIDString = A03F2FC117814595006731B9;
			remoteInfo = "cocos2dx-extensions Mac";
		};
		1AC6FB19180E9959004C840B /* PBXContainerItemProxy */ = {
			isa = PBXContainerItemProxy;
			containerPortal = 1AC6FAE5180E9839004C840B /* cocos2d_libs.xcodeproj */;
			proxyType = 1;
			remoteGlobalIDString = A03F2B781780BD04006731B9;
			remoteInfo = "chipmunk Mac";
		};
		1AC6FB1B180E9959004C840B /* PBXContainerItemProxy */ = {
			isa = PBXContainerItemProxy;
			containerPortal = 1AC6FAE5180E9839004C840B /* cocos2d_libs.xcodeproj */;
			proxyType = 1;
			remoteGlobalIDString = A03F2E9817814268006731B9;
			remoteInfo = "CocosDenshion Mac";
		};
		1AC6FB1D180E9963004C840B /* PBXContainerItemProxy */ = {
			isa = PBXContainerItemProxy;
			containerPortal = 1AC6FAE5180E9839004C840B /* cocos2d_libs.xcodeproj */;
			proxyType = 1;
			remoteGlobalIDString = A03F2D5D1780BDF7006731B9;
			remoteInfo = "box2d Mac";
		};
		1AC6FB24180E99E1004C840B /* PBXContainerItemProxy */ = {
			isa = PBXContainerItemProxy;
			containerPortal = 1AC6FAE5180E9839004C840B /* cocos2d_libs.xcodeproj */;
			proxyType = 1;
			remoteGlobalIDString = A07A4C241783777C0073F6A7;
			remoteInfo = "cocos2dx iOS";
		};
		1AC6FB26180E99E1004C840B /* PBXContainerItemProxy */ = {
			isa = PBXContainerItemProxy;
			containerPortal = 1AC6FAE5180E9839004C840B /* cocos2d_libs.xcodeproj */;
			proxyType = 1;
			remoteGlobalIDString = A07A4E111783867C0073F6A7;
			remoteInfo = "cocos2dx-extensions iOS";
		};
		1AC6FB28180E99E1004C840B /* PBXContainerItemProxy */ = {
			isa = PBXContainerItemProxy;
			containerPortal = 1AC6FAE5180E9839004C840B /* cocos2d_libs.xcodeproj */;
			proxyType = 1;
			remoteGlobalIDString = A07A4EFD178387670073F6A7;
			remoteInfo = "chipmunk iOS";
		};
		1AC6FB2A180E99E1004C840B /* PBXContainerItemProxy */ = {
			isa = PBXContainerItemProxy;
			containerPortal = 1AC6FAE5180E9839004C840B /* cocos2d_libs.xcodeproj */;
			proxyType = 1;
			remoteGlobalIDString = A07A4F3C1783876B0073F6A7;
			remoteInfo = "box2d iOS";
		};
		1AC6FB2C180E99E1004C840B /* PBXContainerItemProxy */ = {
			isa = PBXContainerItemProxy;
			containerPortal = 1AC6FAE5180E9839004C840B /* cocos2d_libs.xcodeproj */;
			proxyType = 1;
			remoteGlobalIDString = A07A4F9F178387730073F6A7;
			remoteInfo = "CocosDenshion iOS";
		};
/* End PBXContainerItemProxy section */

/* Begin PBXFileReference section */
		1AC6FAE5180E9839004C840B /* cocos2d_libs.xcodeproj */ = {isa = PBXFileReference; lastKnownFileType = "wrapper.pb-project"; name = cocos2d_libs.xcodeproj; path = ../cocos2d/build/cocos2d_libs.xcodeproj; sourceTree = "<group>"; };
		1ACB3243164770DE00914215 /* libcurl.a */ = {isa = PBXFileReference; lastKnownFileType = archive.ar; name = libcurl.a; path = ../../cocos2dx/platform/third_party/ios/libraries/libcurl.a; sourceTree = "<group>"; };
		1AFAF8B316D35DE700DB1158 /* AppDelegate.cpp */ = {isa = PBXFileReference; fileEncoding = 4; lastKnownFileType = sourcecode.cpp.cpp; name = AppDelegate.cpp; path = ../Classes/AppDelegate.cpp; sourceTree = "<group>"; };
		1AFAF8B416D35DE700DB1158 /* AppDelegate.h */ = {isa = PBXFileReference; fileEncoding = 4; lastKnownFileType = sourcecode.c.h; name = AppDelegate.h; path = ../Classes/AppDelegate.h; sourceTree = "<group>"; };
		1D30AB110D05D00D00671497 /* Foundation.framework */ = {isa = PBXFileReference; lastKnownFileType = wrapper.framework; name = Foundation.framework; path = System/Library/Frameworks/Foundation.framework; sourceTree = SDKROOT; };
		1D6058910D05DD3D006BFB54 /* HomeDefense iOS.app */ = {isa = PBXFileReference; explicitFileType = wrapper.application; includeInIndex = 0; path = "HomeDefense iOS.app"; sourceTree = BUILT_PRODUCTS_DIR; };
		1DF5F4DF0D08C38300B7A737 /* UIKit.framework */ = {isa = PBXFileReference; lastKnownFileType = wrapper.framework; name = UIKit.framework; path = System/Library/Frameworks/UIKit.framework; sourceTree = SDKROOT; };
		288765A40DF7441C002DB57D /* CoreGraphics.framework */ = {isa = PBXFileReference; lastKnownFileType = wrapper.framework; name = CoreGraphics.framework; path = System/Library/Frameworks/CoreGraphics.framework; sourceTree = SDKROOT; };
		503AE0F617EB97AB00D1A890 /* Icon.icns */ = {isa = PBXFileReference; lastKnownFileType = image.icns; path = Icon.icns; sourceTree = "<group>"; };
		503AE0F717EB97AB00D1A890 /* Info.plist */ = {isa = PBXFileReference; fileEncoding = 4; lastKnownFileType = text.plist.xml; path = Info.plist; sourceTree = "<group>"; };
		503AE0FA17EB989F00D1A890 /* AppController.h */ = {isa = PBXFileReference; fileEncoding = 4; lastKnownFileType = sourcecode.c.h; name = AppController.h; path = ios/AppController.h; sourceTree = SOURCE_ROOT; };
		503AE0FB17EB989F00D1A890 /* AppController.mm */ = {isa = PBXFileReference; fileEncoding = 4; lastKnownFileType = sourcecode.cpp.objcpp; name = AppController.mm; path = ios/AppController.mm; sourceTree = SOURCE_ROOT; };
		503AE0FC17EB989F00D1A890 /* main.m */ = {isa = PBXFileReference; fileEncoding = 4; lastKnownFileType = sourcecode.c.objc; name = main.m; path = ios/main.m; sourceTree = SOURCE_ROOT; };
		503AE0FD17EB989F00D1A890 /* Prefix.pch */ = {isa = PBXFileReference; fileEncoding = 4; lastKnownFileType = sourcecode.c.h; name = Prefix.pch; path = ios/Prefix.pch; sourceTree = SOURCE_ROOT; };
		503AE0FE17EB989F00D1A890 /* RootViewController.h */ = {isa = PBXFileReference; fileEncoding = 4; lastKnownFileType = sourcecode.c.h; name = RootViewController.h; path = ios/RootViewController.h; sourceTree = SOURCE_ROOT; };
		503AE0FF17EB989F00D1A890 /* RootViewController.mm */ = {isa = PBXFileReference; fileEncoding = 4; lastKnownFileType = sourcecode.cpp.objcpp; name = RootViewController.mm; path = ios/RootViewController.mm; sourceTree = SOURCE_ROOT; };
		503AE10317EB98FF00D1A890 /* main.cpp */ = {isa = PBXFileReference; fileEncoding = 4; lastKnownFileType = sourcecode.cpp.cpp; name = main.cpp; path = mac/main.cpp; sourceTree = "<group>"; };
		503AE10417EB98FF00D1A890 /* Prefix.pch */ = {isa = PBXFileReference; fileEncoding = 4; lastKnownFileType = sourcecode.c.h; name = Prefix.pch; path = mac/Prefix.pch; sourceTree = "<group>"; };
		503AE11117EB99EE00D1A890 /* libcurl.dylib */ = {isa = PBXFileReference; lastKnownFileType = "compiled.mach-o.dylib"; name = libcurl.dylib; path = usr/lib/libcurl.dylib; sourceTree = SDKROOT; };
		503AE11A17EB9C5A00D1A890 /* IOKit.framework */ = {isa = PBXFileReference; lastKnownFileType = wrapper.framework; name = IOKit.framework; path = System/Library/Frameworks/IOKit.framework; sourceTree = SDKROOT; };
		5087E76F17EB910900C73F5D /* HomeDefense Mac.app */ = {isa = PBXFileReference; explicitFileType = wrapper.application; includeInIndex = 0; path = "HomeDefense Mac.app"; sourceTree = BUILT_PRODUCTS_DIR; };
		5087E77217EB970100C73F5D /* Default-568h@2x.png */ = {isa = PBXFileReference; lastKnownFileType = image.png; path = "Default-568h@2x.png"; sourceTree = "<group>"; };
		5087E77317EB970100C73F5D /* Default.png */ = {isa = PBXFileReference; lastKnownFileType = image.png; path = Default.png; sourceTree = "<group>"; };
		5087E77417EB970100C73F5D /* Default@2x.png */ = {isa = PBXFileReference; lastKnownFileType = image.png; path = "Default@2x.png"; sourceTree = "<group>"; };
		5087E77517EB970100C73F5D /* Icon-114.png */ = {isa = PBXFileReference; lastKnownFileType = image.png; path = "Icon-114.png"; sourceTree = "<group>"; };
		5087E77617EB970100C73F5D /* Icon-120.png */ = {isa = PBXFileReference; lastKnownFileType = image.png; path = "Icon-120.png"; sourceTree = "<group>"; };
		5087E77717EB970100C73F5D /* Icon-144.png */ = {isa = PBXFileReference; lastKnownFileType = image.png; path = "Icon-144.png"; sourceTree = "<group>"; };
		5087E77817EB970100C73F5D /* Icon-152.png */ = {isa = PBXFileReference; lastKnownFileType = image.png; path = "Icon-152.png"; sourceTree = "<group>"; };
		5087E77917EB970100C73F5D /* Icon-57.png */ = {isa = PBXFileReference; lastKnownFileType = image.png; path = "Icon-57.png"; sourceTree = "<group>"; };
		5087E77A17EB970100C73F5D /* Icon-72.png */ = {isa = PBXFileReference; lastKnownFileType = image.png; path = "Icon-72.png"; sourceTree = "<group>"; };
		5087E77B17EB970100C73F5D /* Icon-76.png */ = {isa = PBXFileReference; lastKnownFileType = image.png; path = "Icon-76.png"; sourceTree = "<group>"; };
		5087E77C17EB970100C73F5D /* Info.plist */ = {isa = PBXFileReference; fileEncoding = 4; lastKnownFileType = text.plist.xml; path = Info.plist; sourceTree = "<group>"; };
		5087E78817EB974C00C73F5D /* AppKit.framework */ = {isa = PBXFileReference; lastKnownFileType = wrapper.framework; name = AppKit.framework; path = System/Library/Frameworks/AppKit.framework; sourceTree = SDKROOT; };
		5087E78A17EB975400C73F5D /* OpenGL.framework */ = {isa = PBXFileReference; lastKnownFileType = wrapper.framework; name = OpenGL.framework; path = System/Library/Frameworks/OpenGL.framework; sourceTree = SDKROOT; };
		50EF629217ECD46A001EB2F8 /* Icon-40.png */ = {isa = PBXFileReference; lastKnownFileType = image.png; path = "Icon-40.png"; sourceTree = "<group>"; };
		50EF629317ECD46A001EB2F8 /* Icon-58.png */ = {isa = PBXFileReference; lastKnownFileType = image.png; path = "Icon-58.png"; sourceTree = "<group>"; };
		50EF629417ECD46A001EB2F8 /* Icon-80.png */ = {isa = PBXFileReference; lastKnownFileType = image.png; path = "Icon-80.png"; sourceTree = "<group>"; };
		50EF629517ECD46A001EB2F8 /* Icon-100.png */ = {isa = PBXFileReference; lastKnownFileType = image.png; path = "Icon-100.png"; sourceTree = "<group>"; };
		50EF62A017ECD613001EB2F8 /* Icon-29.png */ = {isa = PBXFileReference; lastKnownFileType = image.png; path = "Icon-29.png"; sourceTree = "<group>"; };
		50EF62A117ECD613001EB2F8 /* Icon-50.png */ = {isa = PBXFileReference; lastKnownFileType = image.png; path = "Icon-50.png"; sourceTree = "<group>"; };
		9F0D065A1A63EF490044089E /* item_a_1.png */ = {isa = PBXFileReference; lastKnownFileType = image.png; path = item_a_1.png; sourceTree = "<group>"; };
		9F0D065B1A63EF490044089E /* item_a_2.png */ = {isa = PBXFileReference; lastKnownFileType = image.png; path = item_a_2.png; sourceTree = "<group>"; };
		9F0D065C1A63EF490044089E /* item_a_3.png */ = {isa = PBXFileReference; lastKnownFileType = image.png; path = item_a_3.png; sourceTree = "<group>"; };
		9F0D065D1A63EF490044089E /* item_b_1.png */ = {isa = PBXFileReference; lastKnownFileType = image.png; path = item_b_1.png; sourceTree = "<group>"; };
		9F0D065E1A63EF490044089E /* item_b_2.png */ = {isa = PBXFileReference; lastKnownFileType = image.png; path = item_b_2.png; sourceTree = "<group>"; };
		9F0D065F1A63EF490044089E /* item_b_3.png */ = {isa = PBXFileReference; lastKnownFileType = image.png; path = item_b_3.png; sourceTree = "<group>"; };
		9F0D06601A63EF490044089E /* item_c_1.png */ = {isa = PBXFileReference; lastKnownFileType = image.png; path = item_c_1.png; sourceTree = "<group>"; };
		9F0D06611A63EF490044089E /* item_c_2.png */ = {isa = PBXFileReference; lastKnownFileType = image.png; path = item_c_2.png; sourceTree = "<group>"; };
		9F0D06621A63EF490044089E /* item_c_3.png */ = {isa = PBXFileReference; lastKnownFileType = image.png; path = item_c_3.png; sourceTree = "<group>"; };
		9F0D06751A63EF900044089E /* GameViewScene.cpp */ = {isa = PBXFileReference; fileEncoding = 4; lastKnownFileType = sourcecode.cpp.cpp; name = GameViewScene.cpp; path = ../Classes/GameViewScene.cpp; sourceTree = "<group>"; };
		9F0D06761A63EF900044089E /* GameViewScene.h */ = {isa = PBXFileReference; fileEncoding = 4; lastKnownFileType = sourcecode.c.h; name = GameViewScene.h; path = ../Classes/GameViewScene.h; sourceTree = "<group>"; };
		9F0D06791A63EFA60044089E /* TransitionUtil.cpp */ = {isa = PBXFileReference; fileEncoding = 4; lastKnownFileType = sourcecode.cpp.cpp; name = TransitionUtil.cpp; path = ../Classes/TransitionUtil.cpp; sourceTree = "<group>"; };
		9F0D067A1A63EFA60044089E /* TransitionUtil.h */ = {isa = PBXFileReference; fileEncoding = 4; lastKnownFileType = sourcecode.c.h; name = TransitionUtil.h; path = ../Classes/TransitionUtil.h; sourceTree = "<group>"; };
		9F192C551AA9D587001AE79C /* game-bg.jpg */ = {isa = PBXFileReference; lastKnownFileType = image.jpeg; path = "game-bg.jpg"; sourceTree = "<group>"; };
		9F192C5B1AA9EE02001AE79C /* PropMenuItemSprite.cpp */ = {isa = PBXFileReference; fileEncoding = 4; lastKnownFileType = sourcecode.cpp.cpp; name = PropMenuItemSprite.cpp; path = ../Classes/PropMenuItemSprite.cpp; sourceTree = "<group>"; };
		9F192C5C1AA9EE02001AE79C /* PropMenuItemSprite.h */ = {isa = PBXFileReference; fileEncoding = 4; lastKnownFileType = sourcecode.c.h; name = PropMenuItemSprite.h; path = ../Classes/PropMenuItemSprite.h; sourceTree = "<group>"; };
		9F1E937D1AAF3DE40033E58A /* checkpoint-1.json */ = {isa = PBXFileReference; fileEncoding = 4; lastKnownFileType = text.json; path = "checkpoint-1.json"; sourceTree = "<group>"; };
		9F1E937F1AAF3E180033E58A /* Checkpoint.cpp */ = {isa = PBXFileReference; fileEncoding = 4; lastKnownFileType = sourcecode.cpp.cpp; name = Checkpoint.cpp; path = ../Classes/Checkpoint.cpp; sourceTree = "<group>"; };
		9F1E93801AAF3E180033E58A /* Checkpoint.h */ = {isa = PBXFileReference; fileEncoding = 4; lastKnownFileType = sourcecode.c.h; name = Checkpoint.h; path = ../Classes/Checkpoint.h; sourceTree = "<group>"; };
		9F2974C81AB1D3AA00B0DB6D /* Util.cpp */ = {isa = PBXFileReference; fileEncoding = 4; lastKnownFileType = sourcecode.cpp.cpp; name = Util.cpp; path = ../Classes/Util.cpp; sourceTree = "<group>"; };
		9F2974C91AB1D3AA00B0DB6D /* Util.h */ = {isa = PBXFileReference; fileEncoding = 4; lastKnownFileType = sourcecode.c.h; name = Util.h; path = ../Classes/Util.h; sourceTree = "<group>"; };
		9F2974CB1AB1D79600B0DB6D /* checkpoint1.plist */ = {isa = PBXFileReference; fileEncoding = 4; lastKnownFileType = text.plist.xml; path = checkpoint1.plist; sourceTree = "<group>"; };
		9F2974CC1AB1D79600B0DB6D /* checkpoint1.pvr.ccz */ = {isa = PBXFileReference; lastKnownFileType = file; path = checkpoint1.pvr.ccz; sourceTree = "<group>"; };
		9F2974CD1AB1D79600B0DB6D /* game.plist */ = {isa = PBXFileReference; fileEncoding = 4; lastKnownFileType = text.plist.xml; path = game.plist; sourceTree = "<group>"; };
		9F2974CE1AB1D79600B0DB6D /* game.pvr.ccz */ = {isa = PBXFileReference; lastKnownFileType = file; path = game.pvr.ccz; sourceTree = "<group>"; };
		9F2974D31AB1DAB100B0DB6D /* checkpoint1-earth-1.png */ = {isa = PBXFileReference; lastKnownFileType = image.png; path = "checkpoint1-earth-1.png"; sourceTree = "<group>"; };
		9F2974D41AB1DAB100B0DB6D /* checkpoint1-earth-2.png */ = {isa = PBXFileReference; lastKnownFileType = image.png; path = "checkpoint1-earth-2.png"; sourceTree = "<group>"; };
		9F2974D51AB1DAB100B0DB6D /* checkpoint1-earth-3.png */ = {isa = PBXFileReference; lastKnownFileType = image.png; path = "checkpoint1-earth-3.png"; sourceTree = "<group>"; };
		9F2974D61AB1DAB100B0DB6D /* checkpoint1-earth-4.png */ = {isa = PBXFileReference; lastKnownFileType = image.png; path = "checkpoint1-earth-4.png"; sourceTree = "<group>"; };
		9F3EA6731A6539AC00F5996E /* AirShipRopeSprite.cpp */ = {isa = PBXFileReference; fileEncoding = 4; lastKnownFileType = sourcecode.cpp.cpp; name = AirShipRopeSprite.cpp; path = ../Classes/AirShipRopeSprite.cpp; sourceTree = "<group>"; };
		9F3EA6741A6539AC00F5996E /* AirShipRopeSprite.h */ = {isa = PBXFileReference; fileEncoding = 4; lastKnownFileType = sourcecode.c.h; name = AirShipRopeSprite.h; path = ../Classes/AirShipRopeSprite.h; sourceTree = "<group>"; };
		9F3EA6751A6539AC00F5996E /* AirShipSprite.cpp */ = {isa = PBXFileReference; fileEncoding = 4; lastKnownFileType = sourcecode.cpp.cpp; name = AirShipSprite.cpp; path = ../Classes/AirShipSprite.cpp; sourceTree = "<group>"; };
		9F3EA6761A6539AC00F5996E /* AirShipSprite.h */ = {isa = PBXFileReference; fileEncoding = 4; lastKnownFileType = sourcecode.c.h; name = AirShipSprite.h; path = ../Classes/AirShipSprite.h; sourceTree = "<group>"; };
		9F3EA67B1A6539B500F5996E /* Vec2Util.cpp */ = {isa = PBXFileReference; fileEncoding = 4; lastKnownFileType = sourcecode.cpp.cpp; name = Vec2Util.cpp; path = ../Classes/Vec2Util.cpp; sourceTree = "<group>"; };
		9F3EA67C1A6539B500F5996E /* Vec2Util.h */ = {isa = PBXFileReference; fileEncoding = 4; lastKnownFileType = sourcecode.c.h; name = Vec2Util.h; path = ../Classes/Vec2Util.h; sourceTree = "<group>"; };
		9F3EA67E1A6539BE00F5996E /* airship_game.png */ = {isa = PBXFileReference; lastKnownFileType = image.png; path = airship_game.png; sourceTree = "<group>"; };
		9F3EA6801A6539CA00F5996E /* line.png */ = {isa = PBXFileReference; lastKnownFileType = image.png; path = line.png; sourceTree = "<group>"; };
		9F3EA6811A6539CA00F5996E /* target_point.png */ = {isa = PBXFileReference; lastKnownFileType = image.png; path = target_point.png; sourceTree = "<group>"; };
		9F44434D1A87A83300AEFE94 /* track_arc.png */ = {isa = PBXFileReference; lastKnownFileType = image.png; path = track_arc.png; sourceTree = "<group>"; };
		9F4443521A87A84A00AEFE94 /* track_point.png */ = {isa = PBXFileReference; lastKnownFileType = image.png; path = track_point.png; sourceTree = "<group>"; };
		9F472EAF1A69444F0054B114 /* MagnetiteSprite.h */ = {isa = PBXFileReference; fileEncoding = 4; lastKnownFileType = sourcecode.c.h; name = MagnetiteSprite.h; path = ../Classes/MagnetiteSprite.h; sourceTree = "<group>"; };
		9F472EB01A6944580054B114 /* MagnetiteSprite.cpp */ = {isa = PBXFileReference; fileEncoding = 4; lastKnownFileType = sourcecode.cpp.cpp; name = MagnetiteSprite.cpp; path = ../Classes/MagnetiteSprite.cpp; sourceTree = "<group>"; };
		9F498C521A67E351006E2A0D /* OreSprite.cpp */ = {isa = PBXFileReference; fileEncoding = 4; lastKnownFileType = sourcecode.cpp.cpp; name = OreSprite.cpp; path = ../Classes/OreSprite.cpp; sourceTree = "<group>"; };
		9F498C531A67E351006E2A0D /* OreSprite.h */ = {isa = PBXFileReference; fileEncoding = 4; lastKnownFileType = sourcecode.c.h; name = OreSprite.h; path = ../Classes/OreSprite.h; sourceTree = "<group>"; };
		9F498C581A67EAD7006E2A0D /* Constants.h */ = {isa = PBXFileReference; fileEncoding = 4; lastKnownFileType = sourcecode.c.h; name = Constants.h; path = ../Classes/Constants.h; sourceTree = "<group>"; };
		9F4A8BEF1AB5B12100EFFBB2 /* AirShipEyeSprite.cpp */ = {isa = PBXFileReference; fileEncoding = 4; lastKnownFileType = sourcecode.cpp.cpp; name = AirShipEyeSprite.cpp; path = ../Classes/AirShipEyeSprite.cpp; sourceTree = "<group>"; };
		9F4A8BF01AB5B12100EFFBB2 /* AirShipEyeSprite.h */ = {isa = PBXFileReference; fileEncoding = 4; lastKnownFileType = sourcecode.c.h; name = AirShipEyeSprite.h; path = ../Classes/AirShipEyeSprite.h; sourceTree = "<group>"; };
		9F56025A1A74DFB700A50D5F /* LightLineRender.cpp */ = {isa = PBXFileReference; fileEncoding = 4; lastKnownFileType = sourcecode.cpp.cpp; name = LightLineRender.cpp; path = ../Classes/LightLineRender.cpp; sourceTree = "<group>"; };
		9F56025B1A74DFB700A50D5F /* LightLineRender.h */ = {isa = PBXFileReference; fileEncoding = 4; lastKnownFileType = sourcecode.c.h; name = LightLineRender.h; path = ../Classes/LightLineRender.h; sourceTree = "<group>"; };
		9F56025C1A74DFB700A50D5F /* Noise.cpp */ = {isa = PBXFileReference; fileEncoding = 4; lastKnownFileType = sourcecode.cpp.cpp; name = Noise.cpp; path = ../Classes/Noise.cpp; sourceTree = "<group>"; };
		9F56025D1A74DFB700A50D5F /* Noise.h */ = {isa = PBXFileReference; fileEncoding = 4; lastKnownFileType = sourcecode.c.h; name = Noise.h; path = ../Classes/Noise.h; sourceTree = "<group>"; };
		9F5602641A74DFC600A50D5F /* lighting.png */ = {isa = PBXFileReference; lastKnownFileType = image.png; path = lighting.png; sourceTree = "<group>"; };
		9F5602651A74DFC600A50D5F /* LightLineRender.fsh */ = {isa = PBXFileReference; fileEncoding = 4; lastKnownFileType = sourcecode.glsl; path = LightLineRender.fsh; sourceTree = "<group>"; };
		9F5602661A74DFC600A50D5F /* LightLineRender.vsh */ = {isa = PBXFileReference; fileEncoding = 4; lastKnownFileType = sourcecode.glsl; path = LightLineRender.vsh; sourceTree = "<group>"; };
		9F56026D1A74DFE200A50D5F /* VertexVector.cpp */ = {isa = PBXFileReference; fileEncoding = 4; lastKnownFileType = sourcecode.cpp.cpp; name = VertexVector.cpp; path = ../Classes/VertexVector.cpp; sourceTree = "<group>"; };
		9F56026E1A74DFE200A50D5F /* VertexVector.h */ = {isa = PBXFileReference; fileEncoding = 4; lastKnownFileType = sourcecode.c.h; name = VertexVector.h; path = ../Classes/VertexVector.h; sourceTree = "<group>"; };
		9F567A391A866BC9005CEC71 /* EarthLayer.cpp */ = {isa = PBXFileReference; fileEncoding = 4; lastKnownFileType = sourcecode.cpp.cpp; name = EarthLayer.cpp; path = ../Classes/EarthLayer.cpp; sourceTree = "<group>"; };
		9F567A3A1A866BC9005CEC71 /* EarthLayer.h */ = {isa = PBXFileReference; fileEncoding = 4; lastKnownFileType = sourcecode.c.h; name = EarthLayer.h; path = ../Classes/EarthLayer.h; sourceTree = "<group>"; };
		9F582E6A1AAB44CF00FB2F7A /* aes.cpp */ = {isa = PBXFileReference; fileEncoding = 4; lastKnownFileType = sourcecode.cpp.cpp; name = aes.cpp; path = ../Classes/aes.cpp; sourceTree = "<group>"; };
		9F582E6B1AAB44CF00FB2F7A /* aes.h */ = {isa = PBXFileReference; fileEncoding = 4; lastKnownFileType = sourcecode.c.h; name = aes.h; path = ../Classes/aes.h; sourceTree = "<group>"; };
		9F582E6C1AAB44CF00FB2F7A /* DataUtil.cpp */ = {isa = PBXFileReference; fileEncoding = 4; lastKnownFileType = sourcecode.cpp.cpp; name = DataUtil.cpp; path = ../Classes/DataUtil.cpp; sourceTree = "<group>"; };
		9F582E6D1AAB44CF00FB2F7A /* DataUtil.h */ = {isa = PBXFileReference; fileEncoding = 4; lastKnownFileType = sourcecode.c.h; name = DataUtil.h; path = ../Classes/DataUtil.h; sourceTree = "<group>"; };
		9F582E6E1AAB44CF00FB2F7A /* EncyptUtil.cpp */ = {isa = PBXFileReference; fileEncoding = 4; lastKnownFileType = sourcecode.cpp.cpp; name = EncyptUtil.cpp; path = ../Classes/EncyptUtil.cpp; sourceTree = "<group>"; };
		9F582E6F1AAB44CF00FB2F7A /* EncyptUtil.h */ = {isa = PBXFileReference; fileEncoding = 4; lastKnownFileType = sourcecode.c.h; name = EncyptUtil.h; path = ../Classes/EncyptUtil.h; sourceTree = "<group>"; };
		9F762A941AB40EA200695FE7 /* OrePitSprite.cpp */ = {isa = PBXFileReference; fileEncoding = 4; lastKnownFileType = sourcecode.cpp.cpp; name = OrePitSprite.cpp; path = ../Classes/OrePitSprite.cpp; sourceTree = "<group>"; };
		9F762A951AB40EA200695FE7 /* OrePitSprite.h */ = {isa = PBXFileReference; fileEncoding = 4; lastKnownFileType = sourcecode.c.h; name = OrePitSprite.h; path = ../Classes/OrePitSprite.h; sourceTree = "<group>"; };
		9F762A9D1AB42D2800695FE7 /* AnimationUtil.cpp */ = {isa = PBXFileReference; fileEncoding = 4; lastKnownFileType = sourcecode.cpp.cpp; name = AnimationUtil.cpp; path = ../Classes/AnimationUtil.cpp; sourceTree = "<group>"; };
		9F762A9E1AB42D2800695FE7 /* AnimationUtil.h */ = {isa = PBXFileReference; fileEncoding = 4; lastKnownFileType = sourcecode.c.h; name = AnimationUtil.h; path = ../Classes/AnimationUtil.h; sourceTree = "<group>"; };
		9F8825CD1A61373A000067F1 /* airship.png */ = {isa = PBXFileReference; lastKnownFileType = image.png; path = airship.png; sourceTree = "<group>"; };
		9F8825CE1A61373A000067F1 /* main_bg.jpg */ = {isa = PBXFileReference; lastKnownFileType = image.jpeg; path = main_bg.jpg; sourceTree = "<group>"; };
		9F8825CF1A61373A000067F1 /* shareBtn_selected.png */ = {isa = PBXFileReference; lastKnownFileType = image.png; path = shareBtn_selected.png; sourceTree = "<group>"; };
		9F8825D01A61373A000067F1 /* shareBtn.png */ = {isa = PBXFileReference; lastKnownFileType = image.png; path = shareBtn.png; sourceTree = "<group>"; };
		9F8825D11A61373A000067F1 /* shopBtn_selected.png */ = {isa = PBXFileReference; lastKnownFileType = image.png; path = shopBtn_selected.png; sourceTree = "<group>"; };
		9F8825D21A61373A000067F1 /* shopBtn.png */ = {isa = PBXFileReference; lastKnownFileType = image.png; path = shopBtn.png; sourceTree = "<group>"; };
		9F8825D31A61373A000067F1 /* startBtn_selected.png */ = {isa = PBXFileReference; lastKnownFileType = image.png; path = startBtn_selected.png; sourceTree = "<group>"; };
		9F8825D41A61373A000067F1 /* startBtn.png */ = {isa = PBXFileReference; lastKnownFileType = image.png; path = startBtn.png; sourceTree = "<group>"; };
		9F8825E61A6138AF000067F1 /* MainViewScene.cpp */ = {isa = PBXFileReference; fileEncoding = 4; lastKnownFileType = sourcecode.cpp.cpp; path = MainViewScene.cpp; sourceTree = "<group>"; };
		9F8825E71A6138AF000067F1 /* MainViewScene.h */ = {isa = PBXFileReference; fileEncoding = 4; lastKnownFileType = sourcecode.c.h; path = MainViewScene.h; sourceTree = "<group>"; };
		9FB429EB1A88E28C002DA991 /* EllipseBy.cpp */ = {isa = PBXFileReference; fileEncoding = 4; lastKnownFileType = sourcecode.cpp.cpp; path = EllipseBy.cpp; sourceTree = "<group>"; };
		9FB429EC1A88E28C002DA991 /* EllipseBy.h */ = {isa = PBXFileReference; fileEncoding = 4; lastKnownFileType = sourcecode.c.h; path = EllipseBy.h; sourceTree = "<group>"; };
		BF170DB012928DE900B8313A /* OpenGLES.framework */ = {isa = PBXFileReference; lastKnownFileType = wrapper.framework; name = OpenGLES.framework; path = System/Library/Frameworks/OpenGLES.framework; sourceTree = SDKROOT; };
		BF170DB412928DE900B8313A /* libz.dylib */ = {isa = PBXFileReference; lastKnownFileType = "compiled.mach-o.dylib"; name = libz.dylib; path = usr/lib/libz.dylib; sourceTree = SDKROOT; };
		BF1C47EA1293683800B63C5D /* QuartzCore.framework */ = {isa = PBXFileReference; lastKnownFileType = wrapper.framework; name = QuartzCore.framework; path = System/Library/Frameworks/QuartzCore.framework; sourceTree = SDKROOT; };
		D44C620B132DFF330009C878 /* OpenAL.framework */ = {isa = PBXFileReference; lastKnownFileType = wrapper.framework; name = OpenAL.framework; path = System/Library/Frameworks/OpenAL.framework; sourceTree = SDKROOT; };
		D44C620D132DFF430009C878 /* AVFoundation.framework */ = {isa = PBXFileReference; lastKnownFileType = wrapper.framework; name = AVFoundation.framework; path = System/Library/Frameworks/AVFoundation.framework; sourceTree = SDKROOT; };
		D44C620F132DFF4E0009C878 /* AudioToolbox.framework */ = {isa = PBXFileReference; lastKnownFileType = wrapper.framework; name = AudioToolbox.framework; path = System/Library/Frameworks/AudioToolbox.framework; sourceTree = SDKROOT; };
		D6B0611A1803AB670077942B /* CoreMotion.framework */ = {isa = PBXFileReference; lastKnownFileType = wrapper.framework; name = CoreMotion.framework; path = Platforms/iPhoneOS.platform/Developer/SDKs/iPhoneOS7.0.sdk/System/Library/Frameworks/CoreMotion.framework; sourceTree = DEVELOPER_DIR; };
/* End PBXFileReference section */

/* Begin PBXFrameworksBuildPhase section */
		1D60588F0D05DD3D006BFB54 /* Frameworks */ = {
			isa = PBXFrameworksBuildPhase;
			buildActionMask = 2147483647;
			files = (
				1AC6FB2E180E99EB004C840B /* libbox2d iOS.a in Frameworks */,
				1AC6FB2F180E99EB004C840B /* libchipmunk iOS.a in Frameworks */,
				1AC6FB30180E99EB004C840B /* libcocos2dx iOS.a in Frameworks */,
				1AC6FB31180E99EB004C840B /* libcocos2dx-extensions iOS.a in Frameworks */,
				1AC6FB32180E99EB004C840B /* libCocosDenshion iOS.a in Frameworks */,
				D6B0611B1803AB670077942B /* CoreMotion.framework in Frameworks */,
				1D60589F0D05DD5A006BFB54 /* Foundation.framework in Frameworks */,
				1DF5F4E00D08C38300B7A737 /* UIKit.framework in Frameworks */,
				288765A50DF7441C002DB57D /* CoreGraphics.framework in Frameworks */,
				BF171245129291EC00B8313A /* OpenGLES.framework in Frameworks */,
				BF1712471292920000B8313A /* libz.dylib in Frameworks */,
				BF1C47F01293687400B63C5D /* QuartzCore.framework in Frameworks */,
				D44C620C132DFF330009C878 /* OpenAL.framework in Frameworks */,
				D44C620E132DFF430009C878 /* AVFoundation.framework in Frameworks */,
				D44C6210132DFF4E0009C878 /* AudioToolbox.framework in Frameworks */,
			);
			runOnlyForDeploymentPostprocessing = 0;
		};
		5087E75C17EB910900C73F5D /* Frameworks */ = {
			isa = PBXFrameworksBuildPhase;
			buildActionMask = 2147483647;
			files = (
				1AC6FB1F180E996B004C840B /* libbox2d Mac.a in Frameworks */,
				1AC6FB20180E996B004C840B /* libchipmunk Mac.a in Frameworks */,
				1AC6FB21180E996B004C840B /* libcocos2dx Mac.a in Frameworks */,
				1AC6FB22180E996B004C840B /* libcocos2dx-extensions Mac.a in Frameworks */,
				1AC6FB23180E996B004C840B /* libCocosDenshion Mac.a in Frameworks */,
				503AE11217EB99EE00D1A890 /* libcurl.dylib in Frameworks */,
				5087E76717EB910900C73F5D /* libz.dylib in Frameworks */,
				503AE11B17EB9C5A00D1A890 /* IOKit.framework in Frameworks */,
				5087E78B17EB975400C73F5D /* OpenGL.framework in Frameworks */,
				5087E78917EB974C00C73F5D /* AppKit.framework in Frameworks */,
				5087E76317EB910900C73F5D /* Foundation.framework in Frameworks */,
				5087E76517EB910900C73F5D /* CoreGraphics.framework in Frameworks */,
				5087E76817EB910900C73F5D /* QuartzCore.framework in Frameworks */,
				5087E76917EB910900C73F5D /* OpenAL.framework in Frameworks */,
				5087E76A17EB910900C73F5D /* AVFoundation.framework in Frameworks */,
				5087E76B17EB910900C73F5D /* AudioToolbox.framework in Frameworks */,
			);
			runOnlyForDeploymentPostprocessing = 0;
		};
/* End PBXFrameworksBuildPhase section */

/* Begin PBXGroup section */
		080E96DDFE201D6D7F000001 /* ios */ = {
			isa = PBXGroup;
			children = (
				5087E77117EB970100C73F5D /* Icons */,
				503AE0FA17EB989F00D1A890 /* AppController.h */,
				503AE0FB17EB989F00D1A890 /* AppController.mm */,
				503AE0FC17EB989F00D1A890 /* main.m */,
				503AE0FD17EB989F00D1A890 /* Prefix.pch */,
				503AE0FE17EB989F00D1A890 /* RootViewController.h */,
				503AE0FF17EB989F00D1A890 /* RootViewController.mm */,
			);
			name = ios;
			path = Classes;
			sourceTree = "<group>";
		};
		15AA9C4015B7EC450033D6C2 /* Classes */ = {
			isa = PBXGroup;
			children = (
				9F762A941AB40EA200695FE7 /* OrePitSprite.cpp */,
				9F762A951AB40EA200695FE7 /* OrePitSprite.h */,
				9F2974C81AB1D3AA00B0DB6D /* Util.cpp */,
				9F2974C91AB1D3AA00B0DB6D /* Util.h */,
				9F1E937F1AAF3E180033E58A /* Checkpoint.cpp */,
				9F1E93801AAF3E180033E58A /* Checkpoint.h */,
				9F582E6A1AAB44CF00FB2F7A /* aes.cpp */,
				9F582E6B1AAB44CF00FB2F7A /* aes.h */,
				9F582E6C1AAB44CF00FB2F7A /* DataUtil.cpp */,
				9F582E6D1AAB44CF00FB2F7A /* DataUtil.h */,
				9F582E6E1AAB44CF00FB2F7A /* EncyptUtil.cpp */,
				9F582E6F1AAB44CF00FB2F7A /* EncyptUtil.h */,
				9FB429EB1A88E28C002DA991 /* EllipseBy.cpp */,
				9FB429EC1A88E28C002DA991 /* EllipseBy.h */,
				9F567A391A866BC9005CEC71 /* EarthLayer.cpp */,
				9F567A3A1A866BC9005CEC71 /* EarthLayer.h */,
				9F56026D1A74DFE200A50D5F /* VertexVector.cpp */,
				9F56026E1A74DFE200A50D5F /* VertexVector.h */,
				9F56025A1A74DFB700A50D5F /* LightLineRender.cpp */,
				9F56025B1A74DFB700A50D5F /* LightLineRender.h */,
				9F56025C1A74DFB700A50D5F /* Noise.cpp */,
				9F56025D1A74DFB700A50D5F /* Noise.h */,
				9F498C521A67E351006E2A0D /* OreSprite.cpp */,
				9F498C531A67E351006E2A0D /* OreSprite.h */,
				9F3EA67B1A6539B500F5996E /* Vec2Util.cpp */,
				9F3EA67C1A6539B500F5996E /* Vec2Util.h */,
				9F3EA6731A6539AC00F5996E /* AirShipRopeSprite.cpp */,
				9F3EA6741A6539AC00F5996E /* AirShipRopeSprite.h */,
				9F3EA6751A6539AC00F5996E /* AirShipSprite.cpp */,
				9F3EA6761A6539AC00F5996E /* AirShipSprite.h */,
				9F0D06791A63EFA60044089E /* TransitionUtil.cpp */,
				9F0D067A1A63EFA60044089E /* TransitionUtil.h */,
				9F0D06751A63EF900044089E /* GameViewScene.cpp */,
				9F0D06761A63EF900044089E /* GameViewScene.h */,
				9F8825E61A6138AF000067F1 /* MainViewScene.cpp */,
				9F8825E71A6138AF000067F1 /* MainViewScene.h */,
				1AFAF8B316D35DE700DB1158 /* AppDelegate.cpp */,
				1AFAF8B416D35DE700DB1158 /* AppDelegate.h */,
				9F498C581A67EAD7006E2A0D /* Constants.h */,
				9F472EAF1A69444F0054B114 /* MagnetiteSprite.h */,
				9F472EB01A6944580054B114 /* MagnetiteSprite.cpp */,
				9F192C5B1AA9EE02001AE79C /* PropMenuItemSprite.cpp */,
				9F192C5C1AA9EE02001AE79C /* PropMenuItemSprite.h */,
				9F762A9D1AB42D2800695FE7 /* AnimationUtil.cpp */,
				9F762A9E1AB42D2800695FE7 /* AnimationUtil.h */,
				9F4A8BEF1AB5B12100EFFBB2 /* AirShipEyeSprite.cpp */,
				9F4A8BF01AB5B12100EFFBB2 /* AirShipEyeSprite.h */,
			);
			name = Classes;
			path = ../classes;
			sourceTree = "<group>";
		};
		19C28FACFE9D520D11CA2CBB /* Products */ = {
			isa = PBXGroup;
			children = (
				1D6058910D05DD3D006BFB54 /* HomeDefense iOS.app */,
				5087E76F17EB910900C73F5D /* HomeDefense Mac.app */,
			);
			name = Products;
			sourceTree = "<group>";
		};
		1AC6FAE6180E9839004C840B /* Products */ = {
			isa = PBXGroup;
			children = (
				1AC6FAF9180E9839004C840B /* libcocos2dx Mac.a */,
				1AC6FAFB180E9839004C840B /* libcocos2dx-extensions Mac.a */,
				1AC6FAFD180E9839004C840B /* libchipmunk Mac.a */,
				1AC6FAFF180E9839004C840B /* libbox2d Mac.a */,
				1AC6FB01180E9839004C840B /* libCocosDenshion Mac.a */,
				1AC6FB07180E9839004C840B /* libcocos2dx iOS.a */,
				1AC6FB09180E9839004C840B /* libcocos2dx-extensions iOS.a */,
				1AC6FB0B180E9839004C840B /* libchipmunk iOS.a */,
				1AC6FB0D180E9839004C840B /* libbox2d iOS.a */,
				1AC6FB0F180E9839004C840B /* libCocosDenshion iOS.a */,
			);
			name = Products;
			sourceTree = "<group>";
		};
		29B97314FDCFA39411CA2CEA /* CustomTemplate */ = {
			isa = PBXGroup;
			children = (
				1AC6FAE5180E9839004C840B /* cocos2d_libs.xcodeproj */,
				15AA9C4015B7EC450033D6C2 /* Classes */,
				29B97323FDCFA39411CA2CEA /* Frameworks */,
				080E96DDFE201D6D7F000001 /* ios */,
				503AE10617EB990700D1A890 /* mac */,
				19C28FACFE9D520D11CA2CBB /* Products */,
				78C7DDAA14EBA5050085D0C2 /* Resources */,
			);
			name = CustomTemplate;
			sourceTree = "<group>";
		};
		29B97323FDCFA39411CA2CEA /* Frameworks */ = {
			isa = PBXGroup;
			children = (
				D6B0611A1803AB670077942B /* CoreMotion.framework */,
				503AE11A17EB9C5A00D1A890 /* IOKit.framework */,
				503AE11117EB99EE00D1A890 /* libcurl.dylib */,
				5087E78A17EB975400C73F5D /* OpenGL.framework */,
				5087E78817EB974C00C73F5D /* AppKit.framework */,
				1ACB3243164770DE00914215 /* libcurl.a */,
				BF170DB412928DE900B8313A /* libz.dylib */,
				D44C620F132DFF4E0009C878 /* AudioToolbox.framework */,
				D44C620D132DFF430009C878 /* AVFoundation.framework */,
				288765A40DF7441C002DB57D /* CoreGraphics.framework */,
				1D30AB110D05D00D00671497 /* Foundation.framework */,
				D44C620B132DFF330009C878 /* OpenAL.framework */,
				BF170DB012928DE900B8313A /* OpenGLES.framework */,
				BF1C47EA1293683800B63C5D /* QuartzCore.framework */,
				1DF5F4DF0D08C38300B7A737 /* UIKit.framework */,
			);
			name = Frameworks;
			sourceTree = "<group>";
		};
		503AE0F517EB97AB00D1A890 /* Icons */ = {
			isa = PBXGroup;
			children = (
				503AE0F617EB97AB00D1A890 /* Icon.icns */,
				503AE0F717EB97AB00D1A890 /* Info.plist */,
			);
			name = Icons;
			path = mac;
			sourceTree = SOURCE_ROOT;
		};
		503AE10617EB990700D1A890 /* mac */ = {
			isa = PBXGroup;
			children = (
				503AE0F517EB97AB00D1A890 /* Icons */,
				503AE10317EB98FF00D1A890 /* main.cpp */,
				503AE10417EB98FF00D1A890 /* Prefix.pch */,
			);
			name = mac;
			sourceTree = "<group>";
		};
		5087E77117EB970100C73F5D /* Icons */ = {
			isa = PBXGroup;
			children = (
				5087E77217EB970100C73F5D /* Default-568h@2x.png */,
				5087E77317EB970100C73F5D /* Default.png */,
				5087E77417EB970100C73F5D /* Default@2x.png */,
				50EF62A017ECD613001EB2F8 /* Icon-29.png */,
				50EF62A117ECD613001EB2F8 /* Icon-50.png */,
				50EF629217ECD46A001EB2F8 /* Icon-40.png */,
				50EF629317ECD46A001EB2F8 /* Icon-58.png */,
				50EF629417ECD46A001EB2F8 /* Icon-80.png */,
				50EF629517ECD46A001EB2F8 /* Icon-100.png */,
				5087E77517EB970100C73F5D /* Icon-114.png */,
				5087E77617EB970100C73F5D /* Icon-120.png */,
				5087E77717EB970100C73F5D /* Icon-144.png */,
				5087E77817EB970100C73F5D /* Icon-152.png */,
				5087E77917EB970100C73F5D /* Icon-57.png */,
				5087E77A17EB970100C73F5D /* Icon-72.png */,
				5087E77B17EB970100C73F5D /* Icon-76.png */,
				5087E77C17EB970100C73F5D /* Info.plist */,
			);
			name = Icons;
			path = ios;
			sourceTree = SOURCE_ROOT;
		};
		78C7DDAA14EBA5050085D0C2 /* Resources */ = {
			isa = PBXGroup;
			children = (
				9F2974D31AB1DAB100B0DB6D /* checkpoint1-earth-1.png */,
				9F2974D41AB1DAB100B0DB6D /* checkpoint1-earth-2.png */,
				9F2974D51AB1DAB100B0DB6D /* checkpoint1-earth-3.png */,
				9F2974D61AB1DAB100B0DB6D /* checkpoint1-earth-4.png */,
				9F2974CB1AB1D79600B0DB6D /* checkpoint1.plist */,
				9F2974CC1AB1D79600B0DB6D /* checkpoint1.pvr.ccz */,
				9F2974CD1AB1D79600B0DB6D /* game.plist */,
				9F2974CE1AB1D79600B0DB6D /* game.pvr.ccz */,
				9F1E937D1AAF3DE40033E58A /* checkpoint-1.json */,
				9F192C551AA9D587001AE79C /* game-bg.jpg */,
				9F4443521A87A84A00AEFE94 /* track_point.png */,
				9F44434D1A87A83300AEFE94 /* track_arc.png */,
				9F5602641A74DFC600A50D5F /* lighting.png */,
				9F5602651A74DFC600A50D5F /* LightLineRender.fsh */,
				9F5602661A74DFC600A50D5F /* LightLineRender.vsh */,
				9F3EA6801A6539CA00F5996E /* line.png */,
				9F3EA6811A6539CA00F5996E /* target_point.png */,
				9F3EA67E1A6539BE00F5996E /* airship_game.png */,
				9F0D065A1A63EF490044089E /* item_a_1.png */,
				9F0D065B1A63EF490044089E /* item_a_2.png */,
				9F0D065C1A63EF490044089E /* item_a_3.png */,
				9F0D065D1A63EF490044089E /* item_b_1.png */,
				9F0D065E1A63EF490044089E /* item_b_2.png */,
				9F0D065F1A63EF490044089E /* item_b_3.png */,
				9F0D06601A63EF490044089E /* item_c_1.png */,
				9F0D06611A63EF490044089E /* item_c_2.png */,
				9F0D06621A63EF490044089E /* item_c_3.png */,
				9F8825CD1A61373A000067F1 /* airship.png */,
				9F8825CE1A61373A000067F1 /* main_bg.jpg */,
				9F8825CF1A61373A000067F1 /* shareBtn_selected.png */,
				9F8825D01A61373A000067F1 /* shareBtn.png */,
				9F8825D11A61373A000067F1 /* shopBtn_selected.png */,
				9F8825D21A61373A000067F1 /* shopBtn.png */,
				9F8825D31A61373A000067F1 /* startBtn_selected.png */,
				9F8825D41A61373A000067F1 /* startBtn.png */,
			);
			name = Resources;
			path = ../Resources;
			sourceTree = "<group>";
		};
/* End PBXGroup section */

/* Begin PBXNativeTarget section */
		1D6058900D05DD3D006BFB54 /* HomeDefense iOS */ = {
			isa = PBXNativeTarget;
			buildConfigurationList = 1D6058960D05DD3E006BFB54 /* Build configuration list for PBXNativeTarget "HomeDefense iOS" */;
			buildPhases = (
				1D60588D0D05DD3D006BFB54 /* Resources */,
				1D60588E0D05DD3D006BFB54 /* Sources */,
				1D60588F0D05DD3D006BFB54 /* Frameworks */,
			);
			buildRules = (
			);
			dependencies = (
				1AC6FB25180E99E1004C840B /* PBXTargetDependency */,
				1AC6FB27180E99E1004C840B /* PBXTargetDependency */,
				1AC6FB29180E99E1004C840B /* PBXTargetDependency */,
				1AC6FB2B180E99E1004C840B /* PBXTargetDependency */,
				1AC6FB2D180E99E1004C840B /* PBXTargetDependency */,
			);
			name = "HomeDefense iOS";
			productName = iphone;
			productReference = 1D6058910D05DD3D006BFB54 /* HomeDefense iOS.app */;
			productType = "com.apple.product-type.application";
		};
		5087E73D17EB910900C73F5D /* HomeDefense Mac */ = {
			isa = PBXNativeTarget;
			buildConfigurationList = 5087E76C17EB910900C73F5D /* Build configuration list for PBXNativeTarget "HomeDefense Mac" */;
			buildPhases = (
				5087E74817EB910900C73F5D /* Resources */,
				5087E75617EB910900C73F5D /* Sources */,
				5087E75C17EB910900C73F5D /* Frameworks */,
			);
			buildRules = (
			);
			dependencies = (
				1AC6FB1E180E9963004C840B /* PBXTargetDependency */,
				1AC6FB16180E9959004C840B /* PBXTargetDependency */,
				1AC6FB18180E9959004C840B /* PBXTargetDependency */,
				1AC6FB1A180E9959004C840B /* PBXTargetDependency */,
				1AC6FB1C180E9959004C840B /* PBXTargetDependency */,
			);
			name = "HomeDefense Mac";
			productName = iphone;
			productReference = 5087E76F17EB910900C73F5D /* HomeDefense Mac.app */;
			productType = "com.apple.product-type.application";
		};
/* End PBXNativeTarget section */

/* Begin PBXProject section */
		29B97313FDCFA39411CA2CEA /* Project object */ = {
			isa = PBXProject;
			attributes = {
				LastUpgradeCheck = 0500;
				TargetAttributes = {
					1D6058900D05DD3D006BFB54 = {
						DevelopmentTeam = MDDB52YB8L;
					};
				};
			};
			buildConfigurationList = C01FCF4E08A954540054247B /* Build configuration list for PBXProject "HomeDefense" */;
			compatibilityVersion = "Xcode 3.2";
			developmentRegion = English;
			hasScannedForEncodings = 1;
			knownRegions = (
				English,
				Japanese,
				French,
				German,
			);
			mainGroup = 29B97314FDCFA39411CA2CEA /* CustomTemplate */;
			projectDirPath = "";
			projectReferences = (
				{
					ProductGroup = 1AC6FAE6180E9839004C840B /* Products */;
					ProjectRef = 1AC6FAE5180E9839004C840B /* cocos2d_libs.xcodeproj */;
				},
			);
			projectRoot = "";
			targets = (
				1D6058900D05DD3D006BFB54 /* HomeDefense iOS */,
				5087E73D17EB910900C73F5D /* HomeDefense Mac */,
			);
		};
/* End PBXProject section */

/* Begin PBXReferenceProxy section */
		1AC6FAF9180E9839004C840B /* libcocos2dx Mac.a */ = {
			isa = PBXReferenceProxy;
			fileType = archive.ar;
			path = "libcocos2dx Mac.a";
			remoteRef = 1AC6FAF8180E9839004C840B /* PBXContainerItemProxy */;
			sourceTree = BUILT_PRODUCTS_DIR;
		};
		1AC6FAFB180E9839004C840B /* libcocos2dx-extensions Mac.a */ = {
			isa = PBXReferenceProxy;
			fileType = archive.ar;
			path = "libcocos2dx-extensions Mac.a";
			remoteRef = 1AC6FAFA180E9839004C840B /* PBXContainerItemProxy */;
			sourceTree = BUILT_PRODUCTS_DIR;
		};
		1AC6FAFD180E9839004C840B /* libchipmunk Mac.a */ = {
			isa = PBXReferenceProxy;
			fileType = archive.ar;
			path = "libchipmunk Mac.a";
			remoteRef = 1AC6FAFC180E9839004C840B /* PBXContainerItemProxy */;
			sourceTree = BUILT_PRODUCTS_DIR;
		};
		1AC6FAFF180E9839004C840B /* libbox2d Mac.a */ = {
			isa = PBXReferenceProxy;
			fileType = archive.ar;
			path = "libbox2d Mac.a";
			remoteRef = 1AC6FAFE180E9839004C840B /* PBXContainerItemProxy */;
			sourceTree = BUILT_PRODUCTS_DIR;
		};
		1AC6FB01180E9839004C840B /* libCocosDenshion Mac.a */ = {
			isa = PBXReferenceProxy;
			fileType = archive.ar;
			path = "libCocosDenshion Mac.a";
			remoteRef = 1AC6FB00180E9839004C840B /* PBXContainerItemProxy */;
			sourceTree = BUILT_PRODUCTS_DIR;
		};
		1AC6FB07180E9839004C840B /* libcocos2dx iOS.a */ = {
			isa = PBXReferenceProxy;
			fileType = archive.ar;
			path = "libcocos2dx iOS.a";
			remoteRef = 1AC6FB06180E9839004C840B /* PBXContainerItemProxy */;
			sourceTree = BUILT_PRODUCTS_DIR;
		};
		1AC6FB09180E9839004C840B /* libcocos2dx-extensions iOS.a */ = {
			isa = PBXReferenceProxy;
			fileType = archive.ar;
			path = "libcocos2dx-extensions iOS.a";
			remoteRef = 1AC6FB08180E9839004C840B /* PBXContainerItemProxy */;
			sourceTree = BUILT_PRODUCTS_DIR;
		};
		1AC6FB0B180E9839004C840B /* libchipmunk iOS.a */ = {
			isa = PBXReferenceProxy;
			fileType = archive.ar;
			path = "libchipmunk iOS.a";
			remoteRef = 1AC6FB0A180E9839004C840B /* PBXContainerItemProxy */;
			sourceTree = BUILT_PRODUCTS_DIR;
		};
		1AC6FB0D180E9839004C840B /* libbox2d iOS.a */ = {
			isa = PBXReferenceProxy;
			fileType = archive.ar;
			path = "libbox2d iOS.a";
			remoteRef = 1AC6FB0C180E9839004C840B /* PBXContainerItemProxy */;
			sourceTree = BUILT_PRODUCTS_DIR;
		};
		1AC6FB0F180E9839004C840B /* libCocosDenshion iOS.a */ = {
			isa = PBXReferenceProxy;
			fileType = archive.ar;
			path = "libCocosDenshion iOS.a";
			remoteRef = 1AC6FB0E180E9839004C840B /* PBXContainerItemProxy */;
			sourceTree = BUILT_PRODUCTS_DIR;
		};
/* End PBXReferenceProxy section */

/* Begin PBXResourcesBuildPhase section */
		1D60588D0D05DD3D006BFB54 /* Resources */ = {
			isa = PBXResourcesBuildPhase;
			buildActionMask = 2147483647;
			files = (
				9F2974D91AB1DAB100B0DB6D /* checkpoint1-earth-3.png in Resources */,
				9F2974D11AB1D79600B0DB6D /* game.plist in Resources */,
				5087E78117EB970100C73F5D /* Icon-120.png in Resources */,
				9F8825D91A61373A000067F1 /* shareBtn_selected.png in Resources */,
				9F56026B1A74DFC600A50D5F /* LightLineRender.vsh in Resources */,
				5087E78617EB970100C73F5D /* Icon-76.png in Resources */,
				9F2974CF1AB1D79600B0DB6D /* checkpoint1.plist in Resources */,
				5087E77F17EB970100C73F5D /* Default@2x.png in Resources */,
				9F0D06731A63EF490044089E /* item_c_3.png in Resources */,
				9F5602691A74DFC600A50D5F /* LightLineRender.fsh in Resources */,
				50EF629917ECD46A001EB2F8 /* Icon-100.png in Resources */,
				9F8825E31A61373A000067F1 /* startBtn.png in Resources */,
				9F8825DB1A61373A000067F1 /* shareBtn.png in Resources */,
				5087E78317EB970100C73F5D /* Icon-152.png in Resources */,
				5087E77D17EB970100C73F5D /* Default-568h@2x.png in Resources */,
				5087E78517EB970100C73F5D /* Icon-72.png in Resources */,
				9F1E937E1AAF3DE40033E58A /* checkpoint-1.json in Resources */,
				9F0D066B1A63EF490044089E /* item_b_2.png in Resources */,
				50EF62A317ECD613001EB2F8 /* Icon-50.png in Resources */,
				5087E78017EB970100C73F5D /* Icon-114.png in Resources */,
				9F3EA6821A6539CA00F5996E /* line.png in Resources */,
				9F0D066F1A63EF490044089E /* item_c_1.png in Resources */,
				9F2974DA1AB1DAB100B0DB6D /* checkpoint1-earth-4.png in Resources */,
				9F2974D21AB1D79600B0DB6D /* game.pvr.ccz in Resources */,
				9F3EA6831A6539CA00F5996E /* target_point.png in Resources */,
				9F8825D71A61373A000067F1 /* main_bg.jpg in Resources */,
				9F5602671A74DFC600A50D5F /* lighting.png in Resources */,
				50EF62A217ECD613001EB2F8 /* Icon-29.png in Resources */,
				9F8825DF1A61373A000067F1 /* shopBtn.png in Resources */,
				9F2974D81AB1DAB100B0DB6D /* checkpoint1-earth-2.png in Resources */,
				9F3EA67F1A6539BE00F5996E /* airship_game.png in Resources */,
				9F0D06711A63EF490044089E /* item_c_2.png in Resources */,
				50EF629617ECD46A001EB2F8 /* Icon-40.png in Resources */,
				9F8825E11A61373A000067F1 /* startBtn_selected.png in Resources */,
				9F0D06651A63EF490044089E /* item_a_2.png in Resources */,
				9F0D06671A63EF490044089E /* item_a_3.png in Resources */,
				5087E78217EB970100C73F5D /* Icon-144.png in Resources */,
				9F2974D71AB1DAB100B0DB6D /* checkpoint1-earth-1.png in Resources */,
				50EF629817ECD46A001EB2F8 /* Icon-80.png in Resources */,
				5087E78417EB970100C73F5D /* Icon-57.png in Resources */,
				9F4443531A87A84A00AEFE94 /* track_point.png in Resources */,
				9F44434E1A87A83300AEFE94 /* track_arc.png in Resources */,
				5087E77E17EB970100C73F5D /* Default.png in Resources */,
				9F192C561AA9D587001AE79C /* game-bg.jpg in Resources */,
				9F8825DD1A61373A000067F1 /* shopBtn_selected.png in Resources */,
				9F0D066D1A63EF490044089E /* item_b_3.png in Resources */,
				9F8825D51A61373A000067F1 /* airship.png in Resources */,
				9F0D06631A63EF490044089E /* item_a_1.png in Resources */,
				9F2974D01AB1D79600B0DB6D /* checkpoint1.pvr.ccz in Resources */,
				50EF629717ECD46A001EB2F8 /* Icon-58.png in Resources */,
				9F0D06691A63EF490044089E /* item_b_1.png in Resources */,
			);
			runOnlyForDeploymentPostprocessing = 0;
		};
		5087E74817EB910900C73F5D /* Resources */ = {
			isa = PBXResourcesBuildPhase;
			buildActionMask = 2147483647;
			files = (
				9F56026C1A74DFC600A50D5F /* LightLineRender.vsh in Resources */,
				9F0D06681A63EF490044089E /* item_a_3.png in Resources */,
				9F8825DE1A61373A000067F1 /* shopBtn_selected.png in Resources */,
				503AE0F817EB97AB00D1A890 /* Icon.icns in Resources */,
				9F4443541A87A84A00AEFE94 /* track_point.png in Resources */,
				9F0D06741A63EF490044089E /* item_c_3.png in Resources */,
				9F8825E21A61373A000067F1 /* startBtn_selected.png in Resources */,
				9F44434F1A87A83300AEFE94 /* track_arc.png in Resources */,
				9F8825DA1A61373A000067F1 /* shareBtn_selected.png in Resources */,
				9F0D06661A63EF490044089E /* item_a_2.png in Resources */,
				9F0D06641A63EF490044089E /* item_a_1.png in Resources */,
				9F5602681A74DFC600A50D5F /* lighting.png in Resources */,
				9F8825D61A61373A000067F1 /* airship.png in Resources */,
				9F8825E01A61373A000067F1 /* shopBtn.png in Resources */,
				9F0D06721A63EF490044089E /* item_c_2.png in Resources */,
				9F0D066C1A63EF490044089E /* item_b_2.png in Resources */,
				9F0D066A1A63EF490044089E /* item_b_1.png in Resources */,
				9F8825E41A61373A000067F1 /* startBtn.png in Resources */,
				9F56026A1A74DFC600A50D5F /* LightLineRender.fsh in Resources */,
				9F0D06701A63EF490044089E /* item_c_1.png in Resources */,
				9F8825DC1A61373A000067F1 /* shareBtn.png in Resources */,
				9F192C571AA9D587001AE79C /* game-bg.jpg in Resources */,
				9F0D066E1A63EF490044089E /* item_b_3.png in Resources */,
				9F8825D81A61373A000067F1 /* main_bg.jpg in Resources */,
			);
			runOnlyForDeploymentPostprocessing = 0;
		};
/* End PBXResourcesBuildPhase section */

/* Begin PBXSourcesBuildPhase section */
		1D60588E0D05DD3D006BFB54 /* Sources */ = {
			isa = PBXSourcesBuildPhase;
			buildActionMask = 2147483647;
			files = (
				9F567A3D1A866BC9005CEC71 /* EarthLayer.cpp in Sources */,
				9F2974CA1AB1D3AA00B0DB6D /* Util.cpp in Sources */,
				9F8825E81A6138AF000067F1 /* MainViewScene.cpp in Sources */,
				9F762A961AB40EA200695FE7 /* OrePitSprite.cpp in Sources */,
				9F3EA6781A6539AC00F5996E /* AirShipSprite.cpp in Sources */,
				9FB429ED1A88E28C002DA991 /* EllipseBy.cpp in Sources */,
				503AE10017EB989F00D1A890 /* AppController.mm in Sources */,
				9F4A8BF11AB5B12100EFFBB2 /* AirShipEyeSprite.cpp in Sources */,
				9F582E701AAB44CF00FB2F7A /* aes.cpp in Sources */,
				9F56025E1A74DFB700A50D5F /* LightLineRender.cpp in Sources */,
				503AE10217EB989F00D1A890 /* RootViewController.mm in Sources */,
				9F1E93811AAF3E180033E58A /* Checkpoint.cpp in Sources */,
				9F3EA6771A6539AC00F5996E /* AirShipRopeSprite.cpp in Sources */,
				1AFAF8B716D35DE700DB1158 /* AppDelegate.cpp in Sources */,
				9F192C5D1AA9EE02001AE79C /* PropMenuItemSprite.cpp in Sources */,
				9F56026F1A74DFE200A50D5F /* VertexVector.cpp in Sources */,
				9F762A9F1AB42D2800695FE7 /* AnimationUtil.cpp in Sources */,
				9F0D067B1A63EFA60044089E /* TransitionUtil.cpp in Sources */,
				9F582E721AAB44CF00FB2F7A /* DataUtil.cpp in Sources */,
				9F3EA67D1A6539B500F5996E /* Vec2Util.cpp in Sources */,
				9F582E741AAB44CF00FB2F7A /* EncyptUtil.cpp in Sources */,
				9F498C541A67E351006E2A0D /* OreSprite.cpp in Sources */,
				9F472EB11A6944580054B114 /* MagnetiteSprite.cpp in Sources */,
				503AE10117EB989F00D1A890 /* main.m in Sources */,
				9F5602601A74DFB700A50D5F /* Noise.cpp in Sources */,
				9F0D06771A63EF900044089E /* GameViewScene.cpp in Sources */,
			);
			runOnlyForDeploymentPostprocessing = 0;
		};
		5087E75617EB910900C73F5D /* Sources */ = {
			isa = PBXSourcesBuildPhase;
			buildActionMask = 2147483647;
			files = (
				9F762AA01AB42D2800695FE7 /* AnimationUtil.cpp in Sources */,
				9F5602701A74DFE200A50D5F /* VertexVector.cpp in Sources */,
				9F4A8BF21AB5B12100EFFBB2 /* AirShipEyeSprite.cpp in Sources */,
				9F56025F1A74DFB700A50D5F /* LightLineRender.cpp in Sources */,
				9F8825E91A6138AF000067F1 /* MainViewScene.cpp in Sources */,
				9F0D06781A63EF900044089E /* GameViewScene.cpp in Sources */,
				9F0D067C1A63EFA60044089E /* TransitionUtil.cpp in Sources */,
				9F5602611A74DFB700A50D5F /* Noise.cpp in Sources */,
				9F582E731AAB44CF00FB2F7A /* DataUtil.cpp in Sources */,
				9FB429EE1A88E28C002DA991 /* EllipseBy.cpp in Sources */,
				9FC031C31A6BEC960084DF07 /* AirShipRopeSprite.cpp in Sources */,
				9FC031C01A6BEC8E0084DF07 /* Vec2Util.cpp in Sources */,
				5087E75717EB910900C73F5D /* AppDelegate.cpp in Sources */,
				9F472EB21A6944580054B114 /* MagnetiteSprite.cpp in Sources */,
				9F567A3E1A866BC9005CEC71 /* EarthLayer.cpp in Sources */,
				9FC031C41A6BEC990084DF07 /* AirShipSprite.cpp in Sources */,
				9F192C5E1AA9EE02001AE79C /* PropMenuItemSprite.cpp in Sources */,
				9F582E751AAB44CF00FB2F7A /* EncyptUtil.cpp in Sources */,
				9F582E711AAB44CF00FB2F7A /* aes.cpp in Sources */,
				503AE10517EB98FF00D1A890 /* main.cpp in Sources */,
				9F498C551A67E351006E2A0D /* OreSprite.cpp in Sources */,
			);
			runOnlyForDeploymentPostprocessing = 0;
		};
/* End PBXSourcesBuildPhase section */

/* Begin PBXTargetDependency section */
		1AC6FB16180E9959004C840B /* PBXTargetDependency */ = {
			isa = PBXTargetDependency;
			name = "cocos2dx Mac";
			targetProxy = 1AC6FB15180E9959004C840B /* PBXContainerItemProxy */;
		};
		1AC6FB18180E9959004C840B /* PBXTargetDependency */ = {
			isa = PBXTargetDependency;
			name = "cocos2dx-extensions Mac";
			targetProxy = 1AC6FB17180E9959004C840B /* PBXContainerItemProxy */;
		};
		1AC6FB1A180E9959004C840B /* PBXTargetDependency */ = {
			isa = PBXTargetDependency;
			name = "chipmunk Mac";
			targetProxy = 1AC6FB19180E9959004C840B /* PBXContainerItemProxy */;
		};
		1AC6FB1C180E9959004C840B /* PBXTargetDependency */ = {
			isa = PBXTargetDependency;
			name = "CocosDenshion Mac";
			targetProxy = 1AC6FB1B180E9959004C840B /* PBXContainerItemProxy */;
		};
		1AC6FB1E180E9963004C840B /* PBXTargetDependency */ = {
			isa = PBXTargetDependency;
			name = "box2d Mac";
			targetProxy = 1AC6FB1D180E9963004C840B /* PBXContainerItemProxy */;
		};
		1AC6FB25180E99E1004C840B /* PBXTargetDependency */ = {
			isa = PBXTargetDependency;
			name = "cocos2dx iOS";
			targetProxy = 1AC6FB24180E99E1004C840B /* PBXContainerItemProxy */;
		};
		1AC6FB27180E99E1004C840B /* PBXTargetDependency */ = {
			isa = PBXTargetDependency;
			name = "cocos2dx-extensions iOS";
			targetProxy = 1AC6FB26180E99E1004C840B /* PBXContainerItemProxy */;
		};
		1AC6FB29180E99E1004C840B /* PBXTargetDependency */ = {
			isa = PBXTargetDependency;
			name = "chipmunk iOS";
			targetProxy = 1AC6FB28180E99E1004C840B /* PBXContainerItemProxy */;
		};
		1AC6FB2B180E99E1004C840B /* PBXTargetDependency */ = {
			isa = PBXTargetDependency;
			name = "box2d iOS";
			targetProxy = 1AC6FB2A180E99E1004C840B /* PBXContainerItemProxy */;
		};
		1AC6FB2D180E99E1004C840B /* PBXTargetDependency */ = {
			isa = PBXTargetDependency;
			name = "CocosDenshion iOS";
			targetProxy = 1AC6FB2C180E99E1004C840B /* PBXContainerItemProxy */;
		};
/* End PBXTargetDependency section */

/* Begin XCBuildConfiguration section */
		1D6058940D05DD3E006BFB54 /* Debug */ = {
			isa = XCBuildConfiguration;
			buildSettings = {
				ALWAYS_SEARCH_USER_PATHS = YES;
				CODE_SIGN_IDENTITY = "iPhone Developer";
				COMPRESS_PNG_FILES = NO;
				GCC_DYNAMIC_NO_PIC = NO;
				GCC_INLINES_ARE_PRIVATE_EXTERN = NO;
				GCC_PRECOMPILE_PREFIX_HEADER = YES;
				GCC_PREFIX_HEADER = ios/Prefix.pch;
				GCC_PREPROCESSOR_DEFINITIONS = (
					USE_FILE32API,
					CC_TARGET_OS_IPHONE,
					"COCOS2D_DEBUG=1",
					"CC_ENABLE_CHIPMUNK_INTEGRATION=1",
				);
				GCC_SYMBOLS_PRIVATE_EXTERN = NO;
				HEADER_SEARCH_PATHS = (
					"$(inherited)",
					"$(SRCROOT)/../cocos2d/cocos/platform/ios",
					"$(SRCROOT)/../cocos2d/cocos/platform/ios/Simulation",
				);
				INFOPLIST_FILE = ios/Info.plist;
				IPHONEOS_DEPLOYMENT_TARGET = 5.0;
				LIBRARY_SEARCH_PATHS = "";
				SDKROOT = iphoneos;
				TARGETED_DEVICE_FAMILY = "1,2";
				USER_HEADER_SEARCH_PATHS = "";
			};
			name = Debug;
		};
		1D6058950D05DD3E006BFB54 /* Release */ = {
			isa = XCBuildConfiguration;
			buildSettings = {
				ALWAYS_SEARCH_USER_PATHS = YES;
				CODE_SIGN_IDENTITY = "iPhone Developer";
				COMPRESS_PNG_FILES = NO;
				GCC_INLINES_ARE_PRIVATE_EXTERN = NO;
				GCC_PRECOMPILE_PREFIX_HEADER = YES;
				GCC_PREFIX_HEADER = ios/Prefix.pch;
				GCC_PREPROCESSOR_DEFINITIONS = (
					USE_FILE32API,
					CC_TARGET_OS_IPHONE,
					"CC_ENABLE_CHIPMUNK_INTEGRATION=1",
				);
				GCC_SYMBOLS_PRIVATE_EXTERN = NO;
				HEADER_SEARCH_PATHS = (
					"$(inherited)",
					"$(SRCROOT)/../cocos2d/cocos/platform/ios",
					"$(SRCROOT)/../cocos2d/cocos/platform/ios/Simulation",
				);
				INFOPLIST_FILE = ios/Info.plist;
				IPHONEOS_DEPLOYMENT_TARGET = 5.0;
				LIBRARY_SEARCH_PATHS = "";
				SDKROOT = iphoneos;
				TARGETED_DEVICE_FAMILY = "1,2";
				USER_HEADER_SEARCH_PATHS = "";
			};
			name = Release;
		};
		5087E76D17EB910900C73F5D /* Debug */ = {
			isa = XCBuildConfiguration;
			buildSettings = {
				ALWAYS_SEARCH_USER_PATHS = YES;
				ARCHS = "$(ARCHS_STANDARD_64_BIT)";
				CLANG_CXX_LANGUAGE_STANDARD = "c++0x";
				CLANG_CXX_LIBRARY = "libc++";
				GCC_DYNAMIC_NO_PIC = NO;
				GCC_INLINES_ARE_PRIVATE_EXTERN = NO;
				GCC_PRECOMPILE_PREFIX_HEADER = YES;
				GCC_PREFIX_HEADER = mac/Prefix.pch;
				GCC_PREPROCESSOR_DEFINITIONS = (
					USE_FILE32API,
					CC_TARGET_OS_MAC,
					"COCOS2D_DEBUG=1",
					"CC_ENABLE_CHIPMUNK_INTEGRATION=1",
				);
				GCC_SYMBOLS_PRIVATE_EXTERN = NO;
				HEADER_SEARCH_PATHS = (
					"$(inherited)",
					"$(SRCROOT)/../cocos2d/cocos/platform/mac",
					"$(SRCROOT)/../cocos2d/external/glfw3/include/mac",
				);
				INFOPLIST_FILE = mac/Info.plist;
				LIBRARY_SEARCH_PATHS = "";
				USER_HEADER_SEARCH_PATHS = "";
			};
			name = Debug;
		};
		5087E76E17EB910900C73F5D /* Release */ = {
			isa = XCBuildConfiguration;
			buildSettings = {
				ALWAYS_SEARCH_USER_PATHS = YES;
				ARCHS = "$(ARCHS_STANDARD_64_BIT)";
				CLANG_CXX_LANGUAGE_STANDARD = "c++0x";
				CLANG_CXX_LIBRARY = "libc++";
				GCC_INLINES_ARE_PRIVATE_EXTERN = NO;
				GCC_PRECOMPILE_PREFIX_HEADER = YES;
				GCC_PREFIX_HEADER = mac/Prefix.pch;
				GCC_PREPROCESSOR_DEFINITIONS = (
					USE_FILE32API,
					CC_TARGET_OS_MAC,
					"CC_ENABLE_CHIPMUNK_INTEGRATION=1",
				);
				GCC_SYMBOLS_PRIVATE_EXTERN = NO;
				HEADER_SEARCH_PATHS = (
					"$(inherited)",
					"$(SRCROOT)/../cocos2d/cocos/platform/mac",
					"$(SRCROOT)/../cocos2d/external/glfw3/include/mac",
				);
				INFOPLIST_FILE = mac/Info.plist;
				LIBRARY_SEARCH_PATHS = "";
				USER_HEADER_SEARCH_PATHS = "";
			};
			name = Release;
		};
		C01FCF4F08A954540054247B /* Debug */ = {
			isa = XCBuildConfiguration;
			buildSettings = {
				CLANG_CXX_LANGUAGE_STANDARD = "c++0x";
				CLANG_CXX_LIBRARY = "libc++";
				COPY_PHASE_STRIP = NO;
				GCC_OPTIMIZATION_LEVEL = 0;
				GCC_WARN_ABOUT_RETURN_TYPE = YES;
				GCC_WARN_UNUSED_VARIABLE = YES;
				HEADER_SEARCH_PATHS = (
					"$(SRCROOT)/../cocos2d",
					"$(SRCROOT)/../cocos2d/cocos",
					"$(SRCROOT)/../cocos2d/cocos/base",
					"$(SRCROOT)/../cocos2d/cocos/physics",
					"$(SRCROOT)/../cocos2d/cocos/math",
					"$(SRCROOT)/../cocos2d/cocos/2d",
					"$(SRCROOT)/../cocos2d/cocos/ui",
					"$(SRCROOT)/../cocos2d/cocos/network",
					"$(SRCROOT)/../cocos2d/cocos/audio/include",
					"$(SRCROOT)/../cocos2d/cocos/editor-support",
					"$(SRCROOT)/../cocos2d/extensions",
					"$(SRCROOT)/../cocos2d/external",
					"$(SRCROOT)/../cocos2d/external/chipmunk/include/chipmunk",
				);
				MACOSX_DEPLOYMENT_TARGET = 10.7;
				ONLY_ACTIVE_ARCH = YES;
				PRODUCT_NAME = "$(TARGET_NAME)";
				SDKROOT = macosx;
			};
			name = Debug;
		};
		C01FCF5008A954540054247B /* Release */ = {
			isa = XCBuildConfiguration;
			buildSettings = {
				CLANG_CXX_LANGUAGE_STANDARD = "c++0x";
				CLANG_CXX_LIBRARY = "libc++";
				GCC_WARN_ABOUT_RETURN_TYPE = YES;
				GCC_WARN_UNUSED_VARIABLE = YES;
				HEADER_SEARCH_PATHS = (
					"$(SRCROOT)/../cocos2d",
					"$(SRCROOT)/../cocos2d/cocos",
					"$(SRCROOT)/../cocos2d/cocos/base",
					"$(SRCROOT)/../cocos2d/cocos/physics",
					"$(SRCROOT)/../cocos2d/cocos/math",
					"$(SRCROOT)/../cocos2d/cocos/2d",
					"$(SRCROOT)/../cocos2d/cocos/ui",
					"$(SRCROOT)/../cocos2d/cocos/network",
					"$(SRCROOT)/../cocos2d/cocos/audio/include",
					"$(SRCROOT)/../cocos2d/cocos/editor-support",
					"$(SRCROOT)/../cocos2d/extensions",
					"$(SRCROOT)/../cocos2d/external",
					"$(SRCROOT)/../cocos2d/external/chipmunk/include/chipmunk",
				);
				MACOSX_DEPLOYMENT_TARGET = 10.7;
				OTHER_CFLAGS = "-DNS_BLOCK_ASSERTIONS=1";
				PRODUCT_NAME = "$(TARGET_NAME)";
				SDKROOT = macosx;
				VALIDATE_PRODUCT = YES;
			};
			name = Release;
		};
/* End XCBuildConfiguration section */

/* Begin XCConfigurationList section */
		1D6058960D05DD3E006BFB54 /* Build configuration list for PBXNativeTarget "HomeDefense iOS" */ = {
			isa = XCConfigurationList;
			buildConfigurations = (
				1D6058940D05DD3E006BFB54 /* Debug */,
				1D6058950D05DD3E006BFB54 /* Release */,
			);
			defaultConfigurationIsVisible = 0;
			defaultConfigurationName = Debug;
		};
		5087E76C17EB910900C73F5D /* Build configuration list for PBXNativeTarget "HomeDefense Mac" */ = {
			isa = XCConfigurationList;
			buildConfigurations = (
				5087E76D17EB910900C73F5D /* Debug */,
				5087E76E17EB910900C73F5D /* Release */,
			);
			defaultConfigurationIsVisible = 0;
			defaultConfigurationName = Debug;
		};
		C01FCF4E08A954540054247B /* Build configuration list for PBXProject "HomeDefense" */ = {
			isa = XCConfigurationList;
			buildConfigurations = (
				C01FCF4F08A954540054247B /* Debug */,
				C01FCF5008A954540054247B /* Release */,
			);
			defaultConfigurationIsVisible = 0;
			defaultConfigurationName = Debug;
		};
/* End XCConfigurationList section */
	};
	rootObject = 29B97313FDCFA39411CA2CEA /* Project object */;
}
